// !$*UTF8*$!
{
	archiveVersion = 1;
	classes = {
	};
	objectVersion = 48;
	objects = {

/* Begin PBXBuildFile section */
		380AAA94211B6DA50090A5A4 /* dnet_crypt.c in Sources */ = {isa = PBXBuildFile; fileRef = 380AAA8A211B6DA40090A5A4 /* dnet_crypt.c */; };
		380AAA96211B6DA50090A5A4 /* dnet_xdag.c in Sources */ = {isa = PBXBuildFile; fileRef = 380AAA90211B6DA40090A5A4 /* dnet_xdag.c */; };
		384457BC21233982008BBBBD /* dnet_keys.bin in CopyFiles */ = {isa = PBXBuildFile; fileRef = 380AAA8D211B6DA40090A5A4 /* dnet_keys.bin */; };
		3845AB5F21D2BC1000252F71 /* dfslib_crypt.c in Sources */ = {isa = PBXBuildFile; fileRef = 3845AB5621D2BC1000252F71 /* dfslib_crypt.c */; };
		3845AB6021D2BC1000252F71 /* dfslib_random.c in Sources */ = {isa = PBXBuildFile; fileRef = 3845AB5821D2BC1000252F71 /* dfslib_random.c */; };
		3845AB6121D2BC1000252F71 /* dfslib_string.c in Sources */ = {isa = PBXBuildFile; fileRef = 3845AB5A21D2BC1000252F71 /* dfslib_string.c */; };
		3845AB6221D2BC1000252F71 /* dfsrsa.c in Sources */ = {isa = PBXBuildFile; fileRef = 3845AB5D21D2BC1000252F71 /* dfsrsa.c */; };
		3845ABEB21D2BD9F00252F71 /* address.c in Sources */ = {isa = PBXBuildFile; fileRef = 3845AB7B21D2BD9F00252F71 /* address.c */; };
		3845ABEC21D2BD9F00252F71 /* crc.c in Sources */ = {isa = PBXBuildFile; fileRef = 3845AB7E21D2BD9F00252F71 /* crc.c */; };
		3845ABED21D2BD9F00252F71 /* sha256-mb-x86_64-mac.s in Sources */ = {isa = PBXBuildFile; fileRef = 3845AB8021D2BD9F00252F71 /* sha256-mb-x86_64-mac.s */; };
		3845ABEF21D2BD9F00252F71 /* sha256.c in Sources */ = {isa = PBXBuildFile; fileRef = 3845AB8221D2BD9F00252F71 /* sha256.c */; };
		3845ABF121D2BD9F00252F71 /* block.c in Sources */ = {isa = PBXBuildFile; fileRef = 3845AB8521D2BD9F00252F71 /* block.c */; };
		3845ABF321D2BD9F00252F71 /* commands.c in Sources */ = {isa = PBXBuildFile; fileRef = 3845AB8821D2BD9F00252F71 /* commands.c */; };
		3845ABF421D2BD9F00252F71 /* crypt.c in Sources */ = {isa = PBXBuildFile; fileRef = 3845AB8A21D2BD9F00252F71 /* crypt.c */; };
		3845ABF621D2BD9F00252F71 /* example.pool.config in Resources */ = {isa = PBXBuildFile; fileRef = 3845AB8D21D2BD9F00252F71 /* example.pool.config */; };
		3845ABF721D2BD9F00252F71 /* global.c in Sources */ = {isa = PBXBuildFile; fileRef = 3845AB8E21D2BD9F00252F71 /* global.c */; };
		3845ABF821D2BD9F00252F71 /* hash.c in Sources */ = {isa = PBXBuildFile; fileRef = 3845AB9021D2BD9F00252F71 /* hash.c */; };
		3845ABF921D2BD9F00252F71 /* http.c in Sources */ = {isa = PBXBuildFile; fileRef = 3845AB9321D2BD9F00252F71 /* http.c */; };
		3845ABFA21D2BD9F00252F71 /* url.c in Sources */ = {isa = PBXBuildFile; fileRef = 3845AB9521D2BD9F00252F71 /* url.c */; };
		3845ABFB21D2BD9F00252F71 /* init.c in Sources */ = {isa = PBXBuildFile; fileRef = 3845AB9721D2BD9F00252F71 /* init.c */; };
		3845ABFC21D2BD9F00252F71 /* cJSON.c in Sources */ = {isa = PBXBuildFile; fileRef = 3845AB9A21D2BD9F00252F71 /* cJSON.c */; };
		3845ABFD21D2BD9F00252F71 /* cJSON_Utils.c in Sources */ = {isa = PBXBuildFile; fileRef = 3845AB9C21D2BD9F00252F71 /* cJSON_Utils.c */; };
		3845ABFE21D2BD9F00252F71 /* rpc_commands.c in Sources */ = {isa = PBXBuildFile; fileRef = 3845AB9E21D2BD9F00252F71 /* rpc_commands.c */; };
		3845ABFF21D2BD9F00252F71 /* rpc_procedure.c in Sources */ = {isa = PBXBuildFile; fileRef = 3845ABA021D2BD9F00252F71 /* rpc_procedure.c */; };
		3845AC0021D2BD9F00252F71 /* rpc_procedures.c in Sources */ = {isa = PBXBuildFile; fileRef = 3845ABA221D2BD9F00252F71 /* rpc_procedures.c */; };
		3845AC0121D2BD9F00252F71 /* rpc_service.c in Sources */ = {isa = PBXBuildFile; fileRef = 3845ABA421D2BD9F00252F71 /* rpc_service.c */; };
		3845AC0221D2BD9F00252F71 /* rpc_wrapper.c in Sources */ = {isa = PBXBuildFile; fileRef = 3845ABA621D2BD9F00252F71 /* rpc_wrapper.c */; };
		3845AC0321D2BD9F00252F71 /* main.c in Sources */ = {isa = PBXBuildFile; fileRef = 3845ABA821D2BD9F00252F71 /* main.c */; };
		3845AC0421D2BD9F00252F71 /* Makefile in Sources */ = {isa = PBXBuildFile; fileRef = 3845ABA921D2BD9F00252F71 /* Makefile */; };
		3845AC0521D2BD9F00252F71 /* math.c in Sources */ = {isa = PBXBuildFile; fileRef = 3845ABAA21D2BD9F00252F71 /* math.c */; };
		3845AC0621D2BD9F00252F71 /* memory.c in Sources */ = {isa = PBXBuildFile; fileRef = 3845ABAC21D2BD9F00252F71 /* memory.c */; };
		3845AC0721D2BD9F00252F71 /* miner.c in Sources */ = {isa = PBXBuildFile; fileRef = 3845ABAE21D2BD9F00252F71 /* miner.c */; };
		3845AC0821D2BD9F00252F71 /* mining_common.c in Sources */ = {isa = PBXBuildFile; fileRef = 3845ABB021D2BD9F00252F71 /* mining_common.c */; };
		3845AC0921D2BD9F00252F71 /* netdb-testnet.txt in Resources */ = {isa = PBXBuildFile; fileRef = 3845ABB221D2BD9F00252F71 /* netdb-testnet.txt */; };
		3845AC0A21D2BD9F00252F71 /* netdb-white-testnet.txt in Resources */ = {isa = PBXBuildFile; fileRef = 3845ABB321D2BD9F00252F71 /* netdb-white-testnet.txt */; };
		3845AC0B21D2BD9F00252F71 /* netdb-white.txt in Resources */ = {isa = PBXBuildFile; fileRef = 3845ABB421D2BD9F00252F71 /* netdb-white.txt */; };
		3845AC0C21D2BD9F00252F71 /* netdb.c in Sources */ = {isa = PBXBuildFile; fileRef = 3845ABB521D2BD9F00252F71 /* netdb.c */; };
		3845AC0D21D2BD9F00252F71 /* netdb.txt in Resources */ = {isa = PBXBuildFile; fileRef = 3845ABB721D2BD9F00252F71 /* netdb.txt */; };
		3845AC0E21D2BD9F00252F71 /* network.c in Sources */ = {isa = PBXBuildFile; fileRef = 3845ABB821D2BD9F00252F71 /* network.c */; };
		3845AC0F21D2BD9F00252F71 /* pool.c in Sources */ = {isa = PBXBuildFile; fileRef = 3845ABBA21D2BD9F00252F71 /* pool.c */; };
		3845AC1021D2BD9F00252F71 /* pools-testnet.txt in Resources */ = {isa = PBXBuildFile; fileRef = 3845ABBC21D2BD9F00252F71 /* pools-testnet.txt */; };
		3845AC1121D2BD9F00252F71 /* pools.txt in Resources */ = {isa = PBXBuildFile; fileRef = 3845ABBD21D2BD9F00252F71 /* pools.txt */; };
		3845AC1321D2BD9F00252F71 /* storage.c in Sources */ = {isa = PBXBuildFile; fileRef = 3845ABC421D2BD9F00252F71 /* storage.c */; };
		3845AC1421D2BD9F00252F71 /* sync.c in Sources */ = {isa = PBXBuildFile; fileRef = 3845ABC621D2BD9F00252F71 /* sync.c */; };
		3845AC1521D2BD9F00252F71 /* terminal.c in Sources */ = {isa = PBXBuildFile; fileRef = 3845ABC921D2BD9F00252F71 /* terminal.c */; };
		3845AC1621D2BD9F00252F71 /* time.c in Sources */ = {isa = PBXBuildFile; fileRef = 3845ABCB21D2BD9F00252F71 /* time.c */; };
		3845AC1721D2BD9F00252F71 /* transport.c in Sources */ = {isa = PBXBuildFile; fileRef = 3845ABCD21D2BD9F00252F71 /* transport.c */; };
		3845AC1821D2BD9F00252F71 /* atomic.c in Sources */ = {isa = PBXBuildFile; fileRef = 3845ABD421D2BD9F00252F71 /* atomic.c */; };
		3845AC1921D2BD9F00252F71 /* dirname.c in Sources */ = {isa = PBXBuildFile; fileRef = 3845ABD621D2BD9F00252F71 /* dirname.c */; };
		3845AC1A21D2BD9F00252F71 /* linenoise.c in Sources */ = {isa = PBXBuildFile; fileRef = 3845ABD821D2BD9F00252F71 /* linenoise.c */; };
		3845AC1B21D2BD9F00252F71 /* log.c in Sources */ = {isa = PBXBuildFile; fileRef = 3845ABDA21D2BD9F00252F71 /* log.c */; };
		3845AC1C21D2BD9F00252F71 /* moving_average.c in Sources */ = {isa = PBXBuildFile; fileRef = 3845ABDD21D2BD9F00252F71 /* moving_average.c */; };
		3845AC1D21D2BD9F00252F71 /* string_utils.c in Sources */ = {isa = PBXBuildFile; fileRef = 3845ABDF21D2BD9F00252F71 /* string_utils.c */; };
		3845AC1E21D2BD9F00252F71 /* utils.c in Sources */ = {isa = PBXBuildFile; fileRef = 3845ABE121D2BD9F00252F71 /* utils.c */; };
		3845AC1F21D2BD9F00252F71 /* wallet.c in Sources */ = {isa = PBXBuildFile; fileRef = 3845ABE421D2BD9F00252F71 /* wallet.c */; };
		3845AC2021D2BD9F00252F71 /* x86_64cpuid-mac.s in Sources */ = {isa = PBXBuildFile; fileRef = 3845ABE721D2BD9F00252F71 /* x86_64cpuid-mac.s */; };
		3845AC2221D2BD9F00252F71 /* xdag_config.c in Sources */ = {isa = PBXBuildFile; fileRef = 3845ABE921D2BD9F00252F71 /* xdag_config.c */; };
		3845AC2621D2C36100252F71 /* random.c in Sources */ = {isa = PBXBuildFile; fileRef = 3845AC2421D2C36100252F71 /* random.c */; };
		418AAFF6213BB3A900E96520 /* libcrypto.a in Frameworks */ = {isa = PBXBuildFile; fileRef = 418AAFF5213BB3A900E96520 /* libcrypto.a */; };
		418AAFF8213BB3B300E96520 /* libssl.a in Frameworks */ = {isa = PBXBuildFile; fileRef = 418AAFF7213BB3B300E96520 /* libssl.a */; };
/* End PBXBuildFile section */

/* Begin PBXCopyFilesBuildPhase section */
		389F043420544EDC003F3084 /* CopyFiles */ = {
			isa = PBXCopyFilesBuildPhase;
			buildActionMask = 12;
			dstPath = .;
			dstSubfolderSpec = 6;
			files = (
				384457BC21233982008BBBBD /* dnet_keys.bin in CopyFiles */,
			);
			runOnlyForDeploymentPostprocessing = 0;
		};
/* End PBXCopyFilesBuildPhase section */

/* Begin PBXFileReference section */
		380AAA8A211B6DA40090A5A4 /* dnet_crypt.c */ = {isa = PBXFileReference; fileEncoding = 4; lastKnownFileType = sourcecode.c.c; path = dnet_crypt.c; sourceTree = "<group>"; };
		380AAA8B211B6DA40090A5A4 /* dnet_crypt.h */ = {isa = PBXFileReference; fileEncoding = 4; lastKnownFileType = sourcecode.c.h; path = dnet_crypt.h; sourceTree = "<group>"; };
		380AAA8C211B6DA40090A5A4 /* dnet_history.h */ = {isa = PBXFileReference; fileEncoding = 4; lastKnownFileType = sourcecode.c.h; path = dnet_history.h; sourceTree = "<group>"; };
		380AAA8D211B6DA40090A5A4 /* dnet_keys.bin */ = {isa = PBXFileReference; lastKnownFileType = archive.macbinary; path = dnet_keys.bin; sourceTree = "<group>"; };
		380AAA8E211B6DA40090A5A4 /* dnet_main.h */ = {isa = PBXFileReference; fileEncoding = 4; lastKnownFileType = sourcecode.c.h; path = dnet_main.h; sourceTree = "<group>"; };
		380AAA8F211B6DA40090A5A4 /* dnet_packet.h */ = {isa = PBXFileReference; fileEncoding = 4; lastKnownFileType = sourcecode.c.h; path = dnet_packet.h; sourceTree = "<group>"; };
		380AAA90211B6DA40090A5A4 /* dnet_xdag.c */ = {isa = PBXFileReference; fileEncoding = 4; lastKnownFileType = sourcecode.c.c; path = dnet_xdag.c; sourceTree = "<group>"; };
		3845AB5221D2BC1000252F71 /* atomic.h */ = {isa = PBXFileReference; fileEncoding = 4; lastKnownFileType = sourcecode.c.h; path = atomic.h; sourceTree = "<group>"; };
		3845AB5321D2BC1000252F71 /* list.h */ = {isa = PBXFileReference; fileEncoding = 4; lastKnownFileType = sourcecode.c.h; path = list.h; sourceTree = "<group>"; };
		3845AB5421D2BC1000252F71 /* rbtree.h */ = {isa = PBXFileReference; fileEncoding = 4; lastKnownFileType = sourcecode.c.h; path = rbtree.h; sourceTree = "<group>"; };
		3845AB5621D2BC1000252F71 /* dfslib_crypt.c */ = {isa = PBXFileReference; fileEncoding = 4; lastKnownFileType = sourcecode.c.c; path = dfslib_crypt.c; sourceTree = "<group>"; };
		3845AB5721D2BC1000252F71 /* dfslib_crypt.h */ = {isa = PBXFileReference; fileEncoding = 4; lastKnownFileType = sourcecode.c.h; path = dfslib_crypt.h; sourceTree = "<group>"; };
		3845AB5821D2BC1000252F71 /* dfslib_random.c */ = {isa = PBXFileReference; fileEncoding = 4; lastKnownFileType = sourcecode.c.c; path = dfslib_random.c; sourceTree = "<group>"; };
		3845AB5921D2BC1000252F71 /* dfslib_random.h */ = {isa = PBXFileReference; fileEncoding = 4; lastKnownFileType = sourcecode.c.h; path = dfslib_random.h; sourceTree = "<group>"; };
		3845AB5A21D2BC1000252F71 /* dfslib_string.c */ = {isa = PBXFileReference; fileEncoding = 4; lastKnownFileType = sourcecode.c.c; path = dfslib_string.c; sourceTree = "<group>"; };
		3845AB5B21D2BC1000252F71 /* dfslib_string.h */ = {isa = PBXFileReference; fileEncoding = 4; lastKnownFileType = sourcecode.c.h; path = dfslib_string.h; sourceTree = "<group>"; };
		3845AB5C21D2BC1000252F71 /* dfslib_types.h */ = {isa = PBXFileReference; fileEncoding = 4; lastKnownFileType = sourcecode.c.h; path = dfslib_types.h; sourceTree = "<group>"; };
		3845AB5D21D2BC1000252F71 /* dfsrsa.c */ = {isa = PBXFileReference; fileEncoding = 4; lastKnownFileType = sourcecode.c.c; path = dfsrsa.c; sourceTree = "<group>"; };
		3845AB5E21D2BC1000252F71 /* dfsrsa.h */ = {isa = PBXFileReference; fileEncoding = 4; lastKnownFileType = sourcecode.c.h; path = dfsrsa.h; sourceTree = "<group>"; };
		3845AB7B21D2BD9F00252F71 /* address.c */ = {isa = PBXFileReference; fileEncoding = 4; lastKnownFileType = sourcecode.c.c; path = address.c; sourceTree = "<group>"; };
		3845AB7C21D2BD9F00252F71 /* address.h */ = {isa = PBXFileReference; fileEncoding = 4; lastKnownFileType = sourcecode.c.h; path = address.h; sourceTree = "<group>"; };
		3845AB7E21D2BD9F00252F71 /* crc.c */ = {isa = PBXFileReference; fileEncoding = 4; lastKnownFileType = sourcecode.c.c; path = crc.c; sourceTree = "<group>"; };
		3845AB7F21D2BD9F00252F71 /* crc.h */ = {isa = PBXFileReference; fileEncoding = 4; lastKnownFileType = sourcecode.c.h; path = crc.h; sourceTree = "<group>"; };
		3845AB8021D2BD9F00252F71 /* sha256-mb-x86_64-mac.s */ = {isa = PBXFileReference; fileEncoding = 4; lastKnownFileType = sourcecode.asm; path = "sha256-mb-x86_64-mac.s"; sourceTree = "<group>"; };
		3845AB8221D2BD9F00252F71 /* sha256.c */ = {isa = PBXFileReference; fileEncoding = 4; lastKnownFileType = sourcecode.c.c; path = sha256.c; sourceTree = "<group>"; };
		3845AB8321D2BD9F00252F71 /* sha256.h */ = {isa = PBXFileReference; fileEncoding = 4; lastKnownFileType = sourcecode.c.h; path = sha256.h; sourceTree = "<group>"; };
		3845AB8521D2BD9F00252F71 /* block.c */ = {isa = PBXFileReference; fileEncoding = 4; lastKnownFileType = sourcecode.c.c; path = block.c; sourceTree = "<group>"; };
		3845AB8721D2BD9F00252F71 /* block.h */ = {isa = PBXFileReference; fileEncoding = 4; lastKnownFileType = sourcecode.c.h; path = block.h; sourceTree = "<group>"; };
		3845AB8821D2BD9F00252F71 /* commands.c */ = {isa = PBXFileReference; fileEncoding = 4; lastKnownFileType = sourcecode.c.c; path = commands.c; sourceTree = "<group>"; };
		3845AB8921D2BD9F00252F71 /* commands.h */ = {isa = PBXFileReference; fileEncoding = 4; lastKnownFileType = sourcecode.c.h; path = commands.h; sourceTree = "<group>"; };
		3845AB8A21D2BD9F00252F71 /* crypt.c */ = {isa = PBXFileReference; fileEncoding = 4; lastKnownFileType = sourcecode.c.c; path = crypt.c; sourceTree = "<group>"; };
		3845AB8B21D2BD9F00252F71 /* crypt.h */ = {isa = PBXFileReference; fileEncoding = 4; lastKnownFileType = sourcecode.c.h; path = crypt.h; sourceTree = "<group>"; };
		3845AB8D21D2BD9F00252F71 /* example.pool.config */ = {isa = PBXFileReference; fileEncoding = 4; lastKnownFileType = text; path = example.pool.config; sourceTree = "<group>"; };
		3845AB8E21D2BD9F00252F71 /* global.c */ = {isa = PBXFileReference; fileEncoding = 4; lastKnownFileType = sourcecode.c.c; path = global.c; sourceTree = "<group>"; };
		3845AB8F21D2BD9F00252F71 /* global.h */ = {isa = PBXFileReference; fileEncoding = 4; lastKnownFileType = sourcecode.c.h; path = global.h; sourceTree = "<group>"; };
		3845AB9021D2BD9F00252F71 /* hash.c */ = {isa = PBXFileReference; fileEncoding = 4; lastKnownFileType = sourcecode.c.c; path = hash.c; sourceTree = "<group>"; };
		3845AB9121D2BD9F00252F71 /* hash.h */ = {isa = PBXFileReference; fileEncoding = 4; lastKnownFileType = sourcecode.c.h; path = hash.h; sourceTree = "<group>"; };
		3845AB9321D2BD9F00252F71 /* http.c */ = {isa = PBXFileReference; fileEncoding = 4; lastKnownFileType = sourcecode.c.c; path = http.c; sourceTree = "<group>"; };
		3845AB9421D2BD9F00252F71 /* http.h */ = {isa = PBXFileReference; fileEncoding = 4; lastKnownFileType = sourcecode.c.h; path = http.h; sourceTree = "<group>"; };
		3845AB9521D2BD9F00252F71 /* url.c */ = {isa = PBXFileReference; fileEncoding = 4; lastKnownFileType = sourcecode.c.c; path = url.c; sourceTree = "<group>"; };
		3845AB9621D2BD9F00252F71 /* url.h */ = {isa = PBXFileReference; fileEncoding = 4; lastKnownFileType = sourcecode.c.h; path = url.h; sourceTree = "<group>"; };
		3845AB9721D2BD9F00252F71 /* init.c */ = {isa = PBXFileReference; fileEncoding = 4; lastKnownFileType = sourcecode.c.c; path = init.c; sourceTree = "<group>"; };
		3845AB9821D2BD9F00252F71 /* init.h */ = {isa = PBXFileReference; fileEncoding = 4; lastKnownFileType = sourcecode.c.h; path = init.h; sourceTree = "<group>"; };
		3845AB9A21D2BD9F00252F71 /* cJSON.c */ = {isa = PBXFileReference; fileEncoding = 4; lastKnownFileType = sourcecode.c.c; path = cJSON.c; sourceTree = "<group>"; };
		3845AB9B21D2BD9F00252F71 /* cJSON.h */ = {isa = PBXFileReference; fileEncoding = 4; lastKnownFileType = sourcecode.c.h; path = cJSON.h; sourceTree = "<group>"; };
		3845AB9C21D2BD9F00252F71 /* cJSON_Utils.c */ = {isa = PBXFileReference; fileEncoding = 4; lastKnownFileType = sourcecode.c.c; path = cJSON_Utils.c; sourceTree = "<group>"; };
		3845AB9D21D2BD9F00252F71 /* cJSON_Utils.h */ = {isa = PBXFileReference; fileEncoding = 4; lastKnownFileType = sourcecode.c.h; path = cJSON_Utils.h; sourceTree = "<group>"; };
		3845AB9E21D2BD9F00252F71 /* rpc_commands.c */ = {isa = PBXFileReference; fileEncoding = 4; lastKnownFileType = sourcecode.c.c; path = rpc_commands.c; sourceTree = "<group>"; };
		3845AB9F21D2BD9F00252F71 /* rpc_commands.h */ = {isa = PBXFileReference; fileEncoding = 4; lastKnownFileType = sourcecode.c.h; path = rpc_commands.h; sourceTree = "<group>"; };
		3845ABA021D2BD9F00252F71 /* rpc_procedure.c */ = {isa = PBXFileReference; fileEncoding = 4; lastKnownFileType = sourcecode.c.c; path = rpc_procedure.c; sourceTree = "<group>"; };
		3845ABA121D2BD9F00252F71 /* rpc_procedure.h */ = {isa = PBXFileReference; fileEncoding = 4; lastKnownFileType = sourcecode.c.h; path = rpc_procedure.h; sourceTree = "<group>"; };
		3845ABA221D2BD9F00252F71 /* rpc_procedures.c */ = {isa = PBXFileReference; fileEncoding = 4; lastKnownFileType = sourcecode.c.c; path = rpc_procedures.c; sourceTree = "<group>"; };
		3845ABA321D2BD9F00252F71 /* rpc_procedures.h */ = {isa = PBXFileReference; fileEncoding = 4; lastKnownFileType = sourcecode.c.h; path = rpc_procedures.h; sourceTree = "<group>"; };
		3845ABA421D2BD9F00252F71 /* rpc_service.c */ = {isa = PBXFileReference; fileEncoding = 4; lastKnownFileType = sourcecode.c.c; path = rpc_service.c; sourceTree = "<group>"; };
		3845ABA521D2BD9F00252F71 /* rpc_service.h */ = {isa = PBXFileReference; fileEncoding = 4; lastKnownFileType = sourcecode.c.h; path = rpc_service.h; sourceTree = "<group>"; };
		3845ABA621D2BD9F00252F71 /* rpc_wrapper.c */ = {isa = PBXFileReference; fileEncoding = 4; lastKnownFileType = sourcecode.c.c; path = rpc_wrapper.c; sourceTree = "<group>"; };
		3845ABA721D2BD9F00252F71 /* rpc_wrapper.h */ = {isa = PBXFileReference; fileEncoding = 4; lastKnownFileType = sourcecode.c.h; path = rpc_wrapper.h; sourceTree = "<group>"; };
		3845ABA821D2BD9F00252F71 /* main.c */ = {isa = PBXFileReference; fileEncoding = 4; lastKnownFileType = sourcecode.c.c; path = main.c; sourceTree = "<group>"; };
		3845ABA921D2BD9F00252F71 /* Makefile */ = {isa = PBXFileReference; fileEncoding = 4; lastKnownFileType = sourcecode.make; path = Makefile; sourceTree = "<group>"; };
		3845ABAA21D2BD9F00252F71 /* math.c */ = {isa = PBXFileReference; fileEncoding = 4; lastKnownFileType = sourcecode.c.c; path = math.c; sourceTree = "<group>"; };
		3845ABAB21D2BD9F00252F71 /* math.h */ = {isa = PBXFileReference; fileEncoding = 4; lastKnownFileType = sourcecode.c.h; path = math.h; sourceTree = "<group>"; };
		3845ABAC21D2BD9F00252F71 /* memory.c */ = {isa = PBXFileReference; fileEncoding = 4; lastKnownFileType = sourcecode.c.c; path = memory.c; sourceTree = "<group>"; };
		3845ABAD21D2BD9F00252F71 /* memory.h */ = {isa = PBXFileReference; fileEncoding = 4; lastKnownFileType = sourcecode.c.h; path = memory.h; sourceTree = "<group>"; };
		3845ABAE21D2BD9F00252F71 /* miner.c */ = {isa = PBXFileReference; fileEncoding = 4; lastKnownFileType = sourcecode.c.c; path = miner.c; sourceTree = "<group>"; };
		3845ABAF21D2BD9F00252F71 /* miner.h */ = {isa = PBXFileReference; fileEncoding = 4; lastKnownFileType = sourcecode.c.h; path = miner.h; sourceTree = "<group>"; };
		3845ABB021D2BD9F00252F71 /* mining_common.c */ = {isa = PBXFileReference; fileEncoding = 4; lastKnownFileType = sourcecode.c.c; path = mining_common.c; sourceTree = "<group>"; };
		3845ABB121D2BD9F00252F71 /* mining_common.h */ = {isa = PBXFileReference; fileEncoding = 4; lastKnownFileType = sourcecode.c.h; path = mining_common.h; sourceTree = "<group>"; };
		3845ABB221D2BD9F00252F71 /* netdb-testnet.txt */ = {isa = PBXFileReference; fileEncoding = 4; lastKnownFileType = text; path = "netdb-testnet.txt"; sourceTree = "<group>"; };
		3845ABB321D2BD9F00252F71 /* netdb-white-testnet.txt */ = {isa = PBXFileReference; fileEncoding = 4; lastKnownFileType = text; path = "netdb-white-testnet.txt"; sourceTree = "<group>"; };
		3845ABB421D2BD9F00252F71 /* netdb-white.txt */ = {isa = PBXFileReference; fileEncoding = 4; lastKnownFileType = text; path = "netdb-white.txt"; sourceTree = "<group>"; };
		3845ABB521D2BD9F00252F71 /* netdb.c */ = {isa = PBXFileReference; fileEncoding = 4; lastKnownFileType = sourcecode.c.c; path = netdb.c; sourceTree = "<group>"; };
		3845ABB621D2BD9F00252F71 /* netdb.h */ = {isa = PBXFileReference; fileEncoding = 4; lastKnownFileType = sourcecode.c.h; path = netdb.h; sourceTree = "<group>"; };
		3845ABB721D2BD9F00252F71 /* netdb.txt */ = {isa = PBXFileReference; fileEncoding = 4; lastKnownFileType = text; path = netdb.txt; sourceTree = "<group>"; };
		3845ABB821D2BD9F00252F71 /* network.c */ = {isa = PBXFileReference; fileEncoding = 4; lastKnownFileType = sourcecode.c.c; path = network.c; sourceTree = "<group>"; };
		3845ABB921D2BD9F00252F71 /* network.h */ = {isa = PBXFileReference; fileEncoding = 4; lastKnownFileType = sourcecode.c.h; path = network.h; sourceTree = "<group>"; };
		3845ABBA21D2BD9F00252F71 /* pool.c */ = {isa = PBXFileReference; fileEncoding = 4; lastKnownFileType = sourcecode.c.c; path = pool.c; sourceTree = "<group>"; };
		3845ABBB21D2BD9F00252F71 /* pool.h */ = {isa = PBXFileReference; fileEncoding = 4; lastKnownFileType = sourcecode.c.h; path = pool.h; sourceTree = "<group>"; };
		3845ABBC21D2BD9F00252F71 /* pools-testnet.txt */ = {isa = PBXFileReference; fileEncoding = 4; lastKnownFileType = text; path = "pools-testnet.txt"; sourceTree = "<group>"; };
		3845ABBD21D2BD9F00252F71 /* pools.txt */ = {isa = PBXFileReference; fileEncoding = 4; lastKnownFileType = text; path = pools.txt; sourceTree = "<group>"; };
		3845ABBE21D2BD9F00252F71 /* state.h */ = {isa = PBXFileReference; fileEncoding = 4; lastKnownFileType = sourcecode.c.h; path = state.h; sourceTree = "<group>"; };
		3845ABC421D2BD9F00252F71 /* storage.c */ = {isa = PBXFileReference; fileEncoding = 4; lastKnownFileType = sourcecode.c.c; path = storage.c; sourceTree = "<group>"; };
		3845ABC521D2BD9F00252F71 /* storage.h */ = {isa = PBXFileReference; fileEncoding = 4; lastKnownFileType = sourcecode.c.h; path = storage.h; sourceTree = "<group>"; };
		3845ABC621D2BD9F00252F71 /* sync.c */ = {isa = PBXFileReference; fileEncoding = 4; lastKnownFileType = sourcecode.c.c; path = sync.c; sourceTree = "<group>"; };
		3845ABC721D2BD9F00252F71 /* sync.h */ = {isa = PBXFileReference; fileEncoding = 4; lastKnownFileType = sourcecode.c.h; path = sync.h; sourceTree = "<group>"; };
		3845ABC821D2BD9F00252F71 /* system.h */ = {isa = PBXFileReference; fileEncoding = 4; lastKnownFileType = sourcecode.c.h; path = system.h; sourceTree = "<group>"; };
		3845ABC921D2BD9F00252F71 /* terminal.c */ = {isa = PBXFileReference; fileEncoding = 4; lastKnownFileType = sourcecode.c.c; path = terminal.c; sourceTree = "<group>"; };
		3845ABCA21D2BD9F00252F71 /* terminal.h */ = {isa = PBXFileReference; fileEncoding = 4; lastKnownFileType = sourcecode.c.h; path = terminal.h; sourceTree = "<group>"; };
		3845ABCB21D2BD9F00252F71 /* time.c */ = {isa = PBXFileReference; fileEncoding = 4; lastKnownFileType = sourcecode.c.c; path = time.c; sourceTree = "<group>"; };
		3845ABCC21D2BD9F00252F71 /* time.h */ = {isa = PBXFileReference; fileEncoding = 4; lastKnownFileType = sourcecode.c.h; path = time.h; sourceTree = "<group>"; };
		3845ABCD21D2BD9F00252F71 /* transport.c */ = {isa = PBXFileReference; fileEncoding = 4; lastKnownFileType = sourcecode.c.c; path = transport.c; sourceTree = "<group>"; };
		3845ABCE21D2BD9F00252F71 /* transport.h */ = {isa = PBXFileReference; fileEncoding = 4; lastKnownFileType = sourcecode.c.h; path = transport.h; sourceTree = "<group>"; };
		3845ABCF21D2BD9F00252F71 /* types.h */ = {isa = PBXFileReference; fileEncoding = 4; lastKnownFileType = sourcecode.c.h; path = types.h; sourceTree = "<group>"; };
		3845ABD121D2BD9F00252F71 /* uthash.h */ = {isa = PBXFileReference; fileEncoding = 4; lastKnownFileType = sourcecode.c.h; path = uthash.h; sourceTree = "<group>"; };
		3845ABD221D2BD9F00252F71 /* utlist.h */ = {isa = PBXFileReference; fileEncoding = 4; lastKnownFileType = sourcecode.c.h; path = utlist.h; sourceTree = "<group>"; };
		3845ABD421D2BD9F00252F71 /* atomic.c */ = {isa = PBXFileReference; fileEncoding = 4; lastKnownFileType = sourcecode.c.c; path = atomic.c; sourceTree = "<group>"; };
		3845ABD521D2BD9F00252F71 /* atomic.h */ = {isa = PBXFileReference; fileEncoding = 4; lastKnownFileType = sourcecode.c.h; path = atomic.h; sourceTree = "<group>"; };
		3845ABD621D2BD9F00252F71 /* dirname.c */ = {isa = PBXFileReference; fileEncoding = 4; lastKnownFileType = sourcecode.c.c; path = dirname.c; sourceTree = "<group>"; };
		3845ABD721D2BD9F00252F71 /* dirname.h */ = {isa = PBXFileReference; fileEncoding = 4; lastKnownFileType = sourcecode.c.h; path = dirname.h; sourceTree = "<group>"; };
		3845ABD821D2BD9F00252F71 /* linenoise.c */ = {isa = PBXFileReference; fileEncoding = 4; lastKnownFileType = sourcecode.c.c; path = linenoise.c; sourceTree = "<group>"; };
		3845ABD921D2BD9F00252F71 /* linenoise.h */ = {isa = PBXFileReference; fileEncoding = 4; lastKnownFileType = sourcecode.c.h; path = linenoise.h; sourceTree = "<group>"; };
		3845ABDA21D2BD9F00252F71 /* log.c */ = {isa = PBXFileReference; fileEncoding = 4; lastKnownFileType = sourcecode.c.c; path = log.c; sourceTree = "<group>"; };
		3845ABDB21D2BD9F00252F71 /* log.h */ = {isa = PBXFileReference; fileEncoding = 4; lastKnownFileType = sourcecode.c.h; path = log.h; sourceTree = "<group>"; };
		3845ABDD21D2BD9F00252F71 /* moving_average.c */ = {isa = PBXFileReference; fileEncoding = 4; lastKnownFileType = sourcecode.c.c; path = moving_average.c; sourceTree = "<group>"; };
		3845ABDE21D2BD9F00252F71 /* moving_average.h */ = {isa = PBXFileReference; fileEncoding = 4; lastKnownFileType = sourcecode.c.h; path = moving_average.h; sourceTree = "<group>"; };
		3845ABDF21D2BD9F00252F71 /* string_utils.c */ = {isa = PBXFileReference; fileEncoding = 4; lastKnownFileType = sourcecode.c.c; path = string_utils.c; sourceTree = "<group>"; };
		3845ABE021D2BD9F00252F71 /* string_utils.h */ = {isa = PBXFileReference; fileEncoding = 4; lastKnownFileType = sourcecode.c.h; path = string_utils.h; sourceTree = "<group>"; };
		3845ABE121D2BD9F00252F71 /* utils.c */ = {isa = PBXFileReference; fileEncoding = 4; lastKnownFileType = sourcecode.c.c; path = utils.c; sourceTree = "<group>"; };
		3845ABE221D2BD9F00252F71 /* utils.h */ = {isa = PBXFileReference; fileEncoding = 4; lastKnownFileType = sourcecode.c.h; path = utils.h; sourceTree = "<group>"; };
		3845ABE321D2BD9F00252F71 /* version.h */ = {isa = PBXFileReference; fileEncoding = 4; lastKnownFileType = sourcecode.c.h; path = version.h; sourceTree = "<group>"; };
		3845ABE421D2BD9F00252F71 /* wallet.c */ = {isa = PBXFileReference; fileEncoding = 4; lastKnownFileType = sourcecode.c.c; path = wallet.c; sourceTree = "<group>"; };
		3845ABE521D2BD9F00252F71 /* wallet.h */ = {isa = PBXFileReference; fileEncoding = 4; lastKnownFileType = sourcecode.c.h; path = wallet.h; sourceTree = "<group>"; };
		3845ABE721D2BD9F00252F71 /* x86_64cpuid-mac.s */ = {isa = PBXFileReference; fileEncoding = 4; lastKnownFileType = sourcecode.asm; path = "x86_64cpuid-mac.s"; sourceTree = "<group>"; };
		3845ABE921D2BD9F00252F71 /* xdag_config.c */ = {isa = PBXFileReference; fileEncoding = 4; lastKnownFileType = sourcecode.c.c; path = xdag_config.c; sourceTree = "<group>"; };
		3845ABEA21D2BD9F00252F71 /* xdag_config.h */ = {isa = PBXFileReference; fileEncoding = 4; lastKnownFileType = sourcecode.c.h; path = xdag_config.h; sourceTree = "<group>"; };
		3845AC2321D2BE0D00252F71 /* dnet_system.h */ = {isa = PBXFileReference; fileEncoding = 4; lastKnownFileType = sourcecode.c.h; path = dnet_system.h; sourceTree = "<group>"; };
		3845AC2421D2C36100252F71 /* random.c */ = {isa = PBXFileReference; fileEncoding = 4; lastKnownFileType = sourcecode.c.c; path = random.c; sourceTree = "<group>"; };
		3845AC2521D2C36100252F71 /* random.h */ = {isa = PBXFileReference; fileEncoding = 4; lastKnownFileType = sourcecode.c.h; path = random.h; sourceTree = "<group>"; };
		389F043620544EDC003F3084 /* xdag */ = {isa = PBXFileReference; explicitFileType = "compiled.mach-o.executable"; includeInIndex = 0; path = xdag; sourceTree = BUILT_PRODUCTS_DIR; };
		418AAFF5213BB3A900E96520 /* libcrypto.a */ = {isa = PBXFileReference; lastKnownFileType = archive.ar; name = libcrypto.a; path = lib/openssl/lib/libcrypto.a; sourceTree = "<group>"; };
		418AAFF7213BB3B300E96520 /* libssl.a */ = {isa = PBXFileReference; lastKnownFileType = archive.ar; name = libssl.a; path = lib/openssl/lib/libssl.a; sourceTree = "<group>"; };
/* End PBXFileReference section */

/* Begin PBXFrameworksBuildPhase section */
		389F043320544EDC003F3084 /* Frameworks */ = {
			isa = PBXFrameworksBuildPhase;
			buildActionMask = 2147483647;
			files = (
				418AAFF8213BB3B300E96520 /* libssl.a in Frameworks */,
				418AAFF6213BB3A900E96520 /* libcrypto.a in Frameworks */,
			);
			runOnlyForDeploymentPostprocessing = 0;
		};
/* End PBXFrameworksBuildPhase section */

/* Begin PBXGroup section */
		380AAA89211B6DA40090A5A4 /* dnet */ = {
			isa = PBXGroup;
			children = (
				380AAA8A211B6DA40090A5A4 /* dnet_crypt.c */,
				380AAA8B211B6DA40090A5A4 /* dnet_crypt.h */,
				380AAA8C211B6DA40090A5A4 /* dnet_history.h */,
				380AAA8D211B6DA40090A5A4 /* dnet_keys.bin */,
				380AAA8E211B6DA40090A5A4 /* dnet_main.h */,
				380AAA8F211B6DA40090A5A4 /* dnet_packet.h */,
				3845AC2321D2BE0D00252F71 /* dnet_system.h */,
				380AAA90211B6DA40090A5A4 /* dnet_xdag.c */,
			);
			name = dnet;
			path = ../dnet;
			sourceTree = "<group>";
		};
		3845AB5121D2BC1000252F71 /* ldus */ = {
			isa = PBXGroup;
			children = (
				3845AB5221D2BC1000252F71 /* atomic.h */,
				3845AB5321D2BC1000252F71 /* list.h */,
				3845AB5421D2BC1000252F71 /* rbtree.h */,
			);
			name = ldus;
			path = ../ldus;
			sourceTree = "<group>";
		};
		3845AB5521D2BC1000252F71 /* dfslib */ = {
			isa = PBXGroup;
			children = (
				3845AB5621D2BC1000252F71 /* dfslib_crypt.c */,
				3845AB5721D2BC1000252F71 /* dfslib_crypt.h */,
				3845AB5821D2BC1000252F71 /* dfslib_random.c */,
				3845AB5921D2BC1000252F71 /* dfslib_random.h */,
				3845AB5A21D2BC1000252F71 /* dfslib_string.c */,
				3845AB5B21D2BC1000252F71 /* dfslib_string.h */,
				3845AB5C21D2BC1000252F71 /* dfslib_types.h */,
				3845AB5D21D2BC1000252F71 /* dfsrsa.c */,
				3845AB5E21D2BC1000252F71 /* dfsrsa.h */,
			);
			name = dfslib;
			path = ../dfslib;
			sourceTree = "<group>";
		};
		3845AB7A21D2BD9F00252F71 /* client */ = {
			isa = PBXGroup;
			children = (
				3845AB7B21D2BD9F00252F71 /* address.c */,
				3845AB7C21D2BD9F00252F71 /* address.h */,
				3845AB7D21D2BD9F00252F71 /* algorithms */,
				3845AB8521D2BD9F00252F71 /* block.c */,
				3845AB8721D2BD9F00252F71 /* block.h */,
				3845AB8821D2BD9F00252F71 /* commands.c */,
				3845AB8921D2BD9F00252F71 /* commands.h */,
				3845AB8A21D2BD9F00252F71 /* crypt.c */,
				3845AB8B21D2BD9F00252F71 /* crypt.h */,
				3845AB8D21D2BD9F00252F71 /* example.pool.config */,
				3845AB8E21D2BD9F00252F71 /* global.c */,
				3845AB8F21D2BD9F00252F71 /* global.h */,
				3845AB9021D2BD9F00252F71 /* hash.c */,
				3845AB9121D2BD9F00252F71 /* hash.h */,
				3845AB9221D2BD9F00252F71 /* http */,
				3845AB9721D2BD9F00252F71 /* init.c */,
				3845AB9821D2BD9F00252F71 /* init.h */,
				3845AB9921D2BD9F00252F71 /* json-rpc */,
				3845ABA821D2BD9F00252F71 /* main.c */,
				3845ABA921D2BD9F00252F71 /* Makefile */,
				3845ABAA21D2BD9F00252F71 /* math.c */,
				3845ABAB21D2BD9F00252F71 /* math.h */,
				3845ABAC21D2BD9F00252F71 /* memory.c */,
				3845ABAD21D2BD9F00252F71 /* memory.h */,
				3845ABAE21D2BD9F00252F71 /* miner.c */,
				3845ABAF21D2BD9F00252F71 /* miner.h */,
				3845ABB021D2BD9F00252F71 /* mining_common.c */,
				3845ABB121D2BD9F00252F71 /* mining_common.h */,
				3845ABB221D2BD9F00252F71 /* netdb-testnet.txt */,
				3845ABB321D2BD9F00252F71 /* netdb-white-testnet.txt */,
				3845ABB421D2BD9F00252F71 /* netdb-white.txt */,
				3845ABB521D2BD9F00252F71 /* netdb.c */,
				3845ABB621D2BD9F00252F71 /* netdb.h */,
				3845ABB721D2BD9F00252F71 /* netdb.txt */,
				3845ABB821D2BD9F00252F71 /* network.c */,
				3845ABB921D2BD9F00252F71 /* network.h */,
				3845ABBA21D2BD9F00252F71 /* pool.c */,
				3845ABBB21D2BD9F00252F71 /* pool.h */,
				3845ABBC21D2BD9F00252F71 /* pools-testnet.txt */,
				3845ABBD21D2BD9F00252F71 /* pools.txt */,
				3845ABBE21D2BD9F00252F71 /* state.h */,
				3845ABC421D2BD9F00252F71 /* storage.c */,
				3845ABC521D2BD9F00252F71 /* storage.h */,
				3845ABC621D2BD9F00252F71 /* sync.c */,
				3845ABC721D2BD9F00252F71 /* sync.h */,
				3845ABC821D2BD9F00252F71 /* system.h */,
				3845ABC921D2BD9F00252F71 /* terminal.c */,
				3845ABCA21D2BD9F00252F71 /* terminal.h */,
				3845ABCB21D2BD9F00252F71 /* time.c */,
				3845ABCC21D2BD9F00252F71 /* time.h */,
				3845ABCD21D2BD9F00252F71 /* transport.c */,
				3845ABCE21D2BD9F00252F71 /* transport.h */,
				3845ABCF21D2BD9F00252F71 /* types.h */,
				3845ABD021D2BD9F00252F71 /* uthash */,
				3845ABD321D2BD9F00252F71 /* utils */,
				3845ABE321D2BD9F00252F71 /* version.h */,
				3845ABE421D2BD9F00252F71 /* wallet.c */,
				3845ABE521D2BD9F00252F71 /* wallet.h */,
				3845ABE721D2BD9F00252F71 /* x86_64cpuid-mac.s */,
				3845ABE921D2BD9F00252F71 /* xdag_config.c */,
				3845ABEA21D2BD9F00252F71 /* xdag_config.h */,
			);
			name = client;
			path = ../client;
			sourceTree = "<group>";
		};
		3845AB7D21D2BD9F00252F71 /* algorithms */ = {
			isa = PBXGroup;
			children = (
				3845AB7E21D2BD9F00252F71 /* crc.c */,
				3845AB7F21D2BD9F00252F71 /* crc.h */,
				3845AB8021D2BD9F00252F71 /* sha256-mb-x86_64-mac.s */,
				3845AB8221D2BD9F00252F71 /* sha256.c */,
				3845AB8321D2BD9F00252F71 /* sha256.h */,
			);
			path = algorithms;
			sourceTree = "<group>";
		};
		3845AB9221D2BD9F00252F71 /* http */ = {
			isa = PBXGroup;
			children = (
				3845AB9321D2BD9F00252F71 /* http.c */,
				3845AB9421D2BD9F00252F71 /* http.h */,
				3845AB9521D2BD9F00252F71 /* url.c */,
				3845AB9621D2BD9F00252F71 /* url.h */,
			);
			path = http;
			sourceTree = "<group>";
		};
		3845AB9921D2BD9F00252F71 /* json-rpc */ = {
			isa = PBXGroup;
			children = (
				3845AB9A21D2BD9F00252F71 /* cJSON.c */,
				3845AB9B21D2BD9F00252F71 /* cJSON.h */,
				3845AB9C21D2BD9F00252F71 /* cJSON_Utils.c */,
				3845AB9D21D2BD9F00252F71 /* cJSON_Utils.h */,
				3845AB9E21D2BD9F00252F71 /* rpc_commands.c */,
				3845AB9F21D2BD9F00252F71 /* rpc_commands.h */,
				3845ABA021D2BD9F00252F71 /* rpc_procedure.c */,
				3845ABA121D2BD9F00252F71 /* rpc_procedure.h */,
				3845ABA221D2BD9F00252F71 /* rpc_procedures.c */,
				3845ABA321D2BD9F00252F71 /* rpc_procedures.h */,
				3845ABA421D2BD9F00252F71 /* rpc_service.c */,
				3845ABA521D2BD9F00252F71 /* rpc_service.h */,
				3845ABA621D2BD9F00252F71 /* rpc_wrapper.c */,
				3845ABA721D2BD9F00252F71 /* rpc_wrapper.h */,
			);
			path = "json-rpc";
			sourceTree = "<group>";
		};
		3845ABD021D2BD9F00252F71 /* uthash */ = {
			isa = PBXGroup;
			children = (
				3845ABD121D2BD9F00252F71 /* uthash.h */,
				3845ABD221D2BD9F00252F71 /* utlist.h */,
			);
			path = uthash;
			sourceTree = "<group>";
		};
		3845ABD321D2BD9F00252F71 /* utils */ = {
			isa = PBXGroup;
			children = (
				3845AC2421D2C36100252F71 /* random.c */,
				3845AC2521D2C36100252F71 /* random.h */,
				3845ABD421D2BD9F00252F71 /* atomic.c */,
				3845ABD521D2BD9F00252F71 /* atomic.h */,
				3845ABD621D2BD9F00252F71 /* dirname.c */,
				3845ABD721D2BD9F00252F71 /* dirname.h */,
				3845ABD821D2BD9F00252F71 /* linenoise.c */,
				3845ABD921D2BD9F00252F71 /* linenoise.h */,
				3845ABDA21D2BD9F00252F71 /* log.c */,
				3845ABDB21D2BD9F00252F71 /* log.h */,
				3845ABDC21D2BD9F00252F71 /* moving_statistics */,
				3845ABDF21D2BD9F00252F71 /* string_utils.c */,
				3845ABE021D2BD9F00252F71 /* string_utils.h */,
				3845ABE121D2BD9F00252F71 /* utils.c */,
				3845ABE221D2BD9F00252F71 /* utils.h */,
			);
			path = utils;
			sourceTree = "<group>";
		};
		3845ABDC21D2BD9F00252F71 /* moving_statistics */ = {
			isa = PBXGroup;
			children = (
				3845ABDD21D2BD9F00252F71 /* moving_average.c */,
				3845ABDE21D2BD9F00252F71 /* moving_average.h */,
			);
			path = moving_statistics;
			sourceTree = "<group>";
		};
		389F042D20544EDC003F3084 = {
			isa = PBXGroup;
			children = (
				3845AB7A21D2BD9F00252F71 /* client */,
				380AAA89211B6DA40090A5A4 /* dnet */,
				3845AB5521D2BC1000252F71 /* dfslib */,
				3845AB5121D2BC1000252F71 /* ldus */,
				389F043720544EDC003F3084 /* Products */,
				38A15E9E20545CCE00598EC2 /* Frameworks */,
			);
			sourceTree = "<group>";
		};
		389F043720544EDC003F3084 /* Products */ = {
			isa = PBXGroup;
			children = (
				389F043620544EDC003F3084 /* xdag */,
			);
			name = Products;
			sourceTree = "<group>";
		};
		38A15E9E20545CCE00598EC2 /* Frameworks */ = {
			isa = PBXGroup;
			children = (
				418AAFF7213BB3B300E96520 /* libssl.a */,
				418AAFF5213BB3A900E96520 /* libcrypto.a */,
			);
			name = Frameworks;
			sourceTree = "<group>";
		};
/* End PBXGroup section */

/* Begin PBXNativeTarget section */
		389F043520544EDC003F3084 /* xdag */ = {
			isa = PBXNativeTarget;
			buildConfigurationList = 389F043D20544EDC003F3084 /* Build configuration list for PBXNativeTarget "xdag" */;
			buildPhases = (
				389F043220544EDC003F3084 /* Sources */,
				389F043320544EDC003F3084 /* Frameworks */,
				389F043420544EDC003F3084 /* CopyFiles */,
				384A29E02062194F00DD9D3B /* Resources */,
			);
			buildRules = (
			);
			dependencies = (
			);
			name = xdag;
			productName = xdag;
			productReference = 389F043620544EDC003F3084 /* xdag */;
			productType = "com.apple.product-type.tool";
		};
/* End PBXNativeTarget section */

/* Begin PBXProject section */
		389F042E20544EDC003F3084 /* Project object */ = {
			isa = PBXProject;
			attributes = {
				LastUpgradeCheck = 0920;
				ORGANIZATIONNAME = xrdavies;
				TargetAttributes = {
					389F043520544EDC003F3084 = {
						CreatedOnToolsVersion = 9.2;
						ProvisioningStyle = Automatic;
					};
				};
			};
			buildConfigurationList = 389F043120544EDC003F3084 /* Build configuration list for PBXProject "xdag" */;
			compatibilityVersion = "Xcode 8.0";
			developmentRegion = en;
			hasScannedForEncodings = 0;
			knownRegions = (
				en,
			);
			mainGroup = 389F042D20544EDC003F3084;
			productRefGroup = 389F043720544EDC003F3084 /* Products */;
			projectDirPath = "";
			projectRoot = "";
			targets = (
				389F043520544EDC003F3084 /* xdag */,
			);
		};
/* End PBXProject section */

/* Begin PBXResourcesBuildPhase section */
		384A29E02062194F00DD9D3B /* Resources */ = {
			isa = PBXResourcesBuildPhase;
			buildActionMask = 2147483647;
			files = (
				3845AC1021D2BD9F00252F71 /* pools-testnet.txt in Resources */,
				3845AC0B21D2BD9F00252F71 /* netdb-white.txt in Resources */,
				3845AC0D21D2BD9F00252F71 /* netdb.txt in Resources */,
				3845AC0921D2BD9F00252F71 /* netdb-testnet.txt in Resources */,
				3845AC0A21D2BD9F00252F71 /* netdb-white-testnet.txt in Resources */,
				3845AC1121D2BD9F00252F71 /* pools.txt in Resources */,
				3845ABF621D2BD9F00252F71 /* example.pool.config in Resources */,
			);
			runOnlyForDeploymentPostprocessing = 0;
		};
/* End PBXResourcesBuildPhase section */

/* Begin PBXSourcesBuildPhase section */
		389F043220544EDC003F3084 /* Sources */ = {
			isa = PBXSourcesBuildPhase;
			buildActionMask = 2147483647;
			files = (
				3845AC1721D2BD9F00252F71 /* transport.c in Sources */,
				3845AC0521D2BD9F00252F71 /* math.c in Sources */,
				380AAA96211B6DA50090A5A4 /* dnet_xdag.c in Sources */,
				3845AC1921D2BD9F00252F71 /* dirname.c in Sources */,
				3845AB6221D2BC1000252F71 /* dfsrsa.c in Sources */,
				3845AC0721D2BD9F00252F71 /* miner.c in Sources */,
				3845ABEB21D2BD9F00252F71 /* address.c in Sources */,
				380AAA94211B6DA50090A5A4 /* dnet_crypt.c in Sources */,
				3845AC0F21D2BD9F00252F71 /* pool.c in Sources */,
				3845AB5F21D2BC1000252F71 /* dfslib_crypt.c in Sources */,
				3845ABFB21D2BD9F00252F71 /* init.c in Sources */,
				3845AC1521D2BD9F00252F71 /* terminal.c in Sources */,
				3845AB6121D2BC1000252F71 /* dfslib_string.c in Sources */,
				3845AC1621D2BD9F00252F71 /* time.c in Sources */,
				3845AC1F21D2BD9F00252F71 /* wallet.c in Sources */,
				3845AC1821D2BD9F00252F71 /* atomic.c in Sources */,
				3845ABFD21D2BD9F00252F71 /* cJSON_Utils.c in Sources */,
				3845AC1321D2BD9F00252F71 /* storage.c in Sources */,
				3845ABED21D2BD9F00252F71 /* sha256-mb-x86_64-mac.s in Sources */,
				3845ABF421D2BD9F00252F71 /* crypt.c in Sources */,
				3845ABFE21D2BD9F00252F71 /* rpc_commands.c in Sources */,
				3845AC1B21D2BD9F00252F71 /* log.c in Sources */,
				3845AC0121D2BD9F00252F71 /* rpc_service.c in Sources */,
				3845ABF721D2BD9F00252F71 /* global.c in Sources */,
				3845ABEC21D2BD9F00252F71 /* crc.c in Sources */,
				3845AC0621D2BD9F00252F71 /* memory.c in Sources */,
				3845AC0E21D2BD9F00252F71 /* network.c in Sources */,
				3845AC1E21D2BD9F00252F71 /* utils.c in Sources */,
				3845ABEF21D2BD9F00252F71 /* sha256.c in Sources */,
				3845ABF921D2BD9F00252F71 /* http.c in Sources */,
				3845AC0321D2BD9F00252F71 /* main.c in Sources */,
				3845ABF821D2BD9F00252F71 /* hash.c in Sources */,
				3845AC0221D2BD9F00252F71 /* rpc_wrapper.c in Sources */,
				3845AC1421D2BD9F00252F71 /* sync.c in Sources */,
				3845AB6021D2BC1000252F71 /* dfslib_random.c in Sources */,
				3845ABFC21D2BD9F00252F71 /* cJSON.c in Sources */,
				3845AC2021D2BD9F00252F71 /* x86_64cpuid-mac.s in Sources */,
				3845AC0821D2BD9F00252F71 /* mining_common.c in Sources */,
				3845AC2621D2C36100252F71 /* random.c in Sources */,
				3845AC1A21D2BD9F00252F71 /* linenoise.c in Sources */,
				3845ABFA21D2BD9F00252F71 /* url.c in Sources */,
				3845AC1D21D2BD9F00252F71 /* string_utils.c in Sources */,
				3845ABF121D2BD9F00252F71 /* block.c in Sources */,
				3845AC1C21D2BD9F00252F71 /* moving_average.c in Sources */,
				3845AC0021D2BD9F00252F71 /* rpc_procedures.c in Sources */,
				3845AC2221D2BD9F00252F71 /* xdag_config.c in Sources */,
				3845AC0421D2BD9F00252F71 /* Makefile in Sources */,
				3845AC0C21D2BD9F00252F71 /* netdb.c in Sources */,
				3845ABF321D2BD9F00252F71 /* commands.c in Sources */,
				3845ABFF21D2BD9F00252F71 /* rpc_procedure.c in Sources */,
			);
			runOnlyForDeploymentPostprocessing = 0;
		};
/* End PBXSourcesBuildPhase section */

/* Begin XCBuildConfiguration section */
		389F043B20544EDC003F3084 /* Debug */ = {
			isa = XCBuildConfiguration;
			buildSettings = {
				ALWAYS_SEARCH_USER_PATHS = NO;
				CLANG_ANALYZER_NONNULL = YES;
				CLANG_ANALYZER_NUMBER_OBJECT_CONVERSION = YES_AGGRESSIVE;
				CLANG_CXX_LANGUAGE_STANDARD = "gnu++14";
				CLANG_CXX_LIBRARY = "libc++";
				CLANG_ENABLE_MODULES = YES;
				CLANG_ENABLE_OBJC_ARC = YES;
				CLANG_WARN_BLOCK_CAPTURE_AUTORELEASING = YES;
				CLANG_WARN_BOOL_CONVERSION = YES;
				CLANG_WARN_COMMA = YES;
				CLANG_WARN_CONSTANT_CONVERSION = YES;
				CLANG_WARN_DIRECT_OBJC_ISA_USAGE = YES_ERROR;
				CLANG_WARN_DOCUMENTATION_COMMENTS = YES;
				CLANG_WARN_EMPTY_BODY = YES;
				CLANG_WARN_ENUM_CONVERSION = YES;
				CLANG_WARN_INFINITE_RECURSION = YES;
				CLANG_WARN_INT_CONVERSION = YES;
				CLANG_WARN_NON_LITERAL_NULL_CONVERSION = YES;
				CLANG_WARN_OBJC_LITERAL_CONVERSION = YES;
				CLANG_WARN_OBJC_ROOT_CLASS = YES_ERROR;
				CLANG_WARN_RANGE_LOOP_ANALYSIS = YES;
				CLANG_WARN_STRICT_PROTOTYPES = YES;
				CLANG_WARN_SUSPICIOUS_MOVE = YES;
				CLANG_WARN_UNGUARDED_AVAILABILITY = YES_AGGRESSIVE;
				CLANG_WARN_UNREACHABLE_CODE = YES;
				CLANG_WARN__DUPLICATE_METHOD_MATCH = YES;
				CODE_SIGN_IDENTITY = "-";
				COPY_PHASE_STRIP = NO;
				DEBUG_INFORMATION_FORMAT = dwarf;
				ENABLE_STRICT_OBJC_MSGSEND = YES;
				ENABLE_TESTABILITY = YES;
				GCC_C_LANGUAGE_STANDARD = gnu11;
				GCC_DYNAMIC_NO_PIC = NO;
				GCC_NO_COMMON_BLOCKS = YES;
				GCC_OPTIMIZATION_LEVEL = 0;
				GCC_PREPROCESSOR_DEFINITIONS = (
					"DEBUG=1",
					"$(inherited)",
				);
				GCC_WARN_64_TO_32_BIT_CONVERSION = YES;
				GCC_WARN_ABOUT_RETURN_TYPE = YES_ERROR;
				GCC_WARN_UNDECLARED_SELECTOR = YES;
				GCC_WARN_UNINITIALIZED_AUTOS = YES_AGGRESSIVE;
				GCC_WARN_UNUSED_FUNCTION = YES;
				GCC_WARN_UNUSED_VARIABLE = YES;
				MACOSX_DEPLOYMENT_TARGET = 10.13;
				MTL_ENABLE_DEBUG_INFO = YES;
				ONLY_ACTIVE_ARCH = YES;
				SDKROOT = macosx;
			};
			name = Debug;
		};
		389F043C20544EDC003F3084 /* Release */ = {
			isa = XCBuildConfiguration;
			buildSettings = {
				ALWAYS_SEARCH_USER_PATHS = NO;
				CLANG_ANALYZER_NONNULL = YES;
				CLANG_ANALYZER_NUMBER_OBJECT_CONVERSION = YES_AGGRESSIVE;
				CLANG_CXX_LANGUAGE_STANDARD = "gnu++14";
				CLANG_CXX_LIBRARY = "libc++";
				CLANG_ENABLE_MODULES = YES;
				CLANG_ENABLE_OBJC_ARC = YES;
				CLANG_WARN_BLOCK_CAPTURE_AUTORELEASING = YES;
				CLANG_WARN_BOOL_CONVERSION = YES;
				CLANG_WARN_COMMA = YES;
				CLANG_WARN_CONSTANT_CONVERSION = YES;
				CLANG_WARN_DIRECT_OBJC_ISA_USAGE = YES_ERROR;
				CLANG_WARN_DOCUMENTATION_COMMENTS = YES;
				CLANG_WARN_EMPTY_BODY = YES;
				CLANG_WARN_ENUM_CONVERSION = YES;
				CLANG_WARN_INFINITE_RECURSION = YES;
				CLANG_WARN_INT_CONVERSION = YES;
				CLANG_WARN_NON_LITERAL_NULL_CONVERSION = YES;
				CLANG_WARN_OBJC_LITERAL_CONVERSION = YES;
				CLANG_WARN_OBJC_ROOT_CLASS = YES_ERROR;
				CLANG_WARN_RANGE_LOOP_ANALYSIS = YES;
				CLANG_WARN_STRICT_PROTOTYPES = YES;
				CLANG_WARN_SUSPICIOUS_MOVE = YES;
				CLANG_WARN_UNGUARDED_AVAILABILITY = YES_AGGRESSIVE;
				CLANG_WARN_UNREACHABLE_CODE = YES;
				CLANG_WARN__DUPLICATE_METHOD_MATCH = YES;
				CODE_SIGN_IDENTITY = "-";
				COPY_PHASE_STRIP = NO;
				DEBUG_INFORMATION_FORMAT = "dwarf-with-dsym";
				ENABLE_NS_ASSERTIONS = NO;
				ENABLE_STRICT_OBJC_MSGSEND = YES;
				GCC_C_LANGUAGE_STANDARD = gnu11;
				GCC_NO_COMMON_BLOCKS = YES;
				GCC_WARN_64_TO_32_BIT_CONVERSION = YES;
				GCC_WARN_ABOUT_RETURN_TYPE = YES_ERROR;
				GCC_WARN_UNDECLARED_SELECTOR = YES;
				GCC_WARN_UNINITIALIZED_AUTOS = YES_AGGRESSIVE;
				GCC_WARN_UNUSED_FUNCTION = YES;
				GCC_WARN_UNUSED_VARIABLE = YES;
				MACOSX_DEPLOYMENT_TARGET = 10.13;
				MTL_ENABLE_DEBUG_INFO = NO;
				SDKROOT = macosx;
			};
			name = Release;
		};
		389F043E20544EDC003F3084 /* Debug */ = {
			isa = XCBuildConfiguration;
			buildSettings = {
				ARCHS = "$(ARCHS_STANDARD)";
				CLANG_CXX_LANGUAGE_STANDARD = "gnu++0x";
				CLANG_ENABLE_OBJC_ARC = YES;
				CODE_SIGN_STYLE = Automatic;
				GCC_C_LANGUAGE_STANDARD = gnu11;
				GCC_ENABLE_ASM_KEYWORD = YES;
				GCC_ENABLE_BUILTIN_FUNCTIONS = YES;
				GCC_INLINES_ARE_PRIVATE_EXTERN = YES;
				GCC_OPTIMIZATION_LEVEL = 0;
				GCC_PREPROCESSOR_DEFINITIONS = (
					"DEBUG=1",
					__MACOS__,
					SHA256_USE_OPENSSL_TXFM,
					SHA256_OPENSSL_MBLOCK,
					DFSTOOLS,
				);
				GCC_THREADSAFE_STATICS = YES;
				GCC_TREAT_IMPLICIT_FUNCTION_DECLARATIONS_AS_ERRORS = YES;
				GCC_WARN_ABOUT_MISSING_PROTOTYPES = YES;
				GCC_WARN_UNUSED_PARAMETER = YES;
				HEADER_SEARCH_PATHS = /usr/local/opt/openssl/include;
				LIBRARY_SEARCH_PATHS = (
					"$(inherited)",
					"$(PROJECT_DIR)/lib/openssl/lib",
				);
				OTHER_CFLAGS = "";
				PRODUCT_NAME = "$(TARGET_NAME)";
				STRINGS_FILE_OUTPUT_ENCODING = "UTF-8";
				SYSTEM_FRAMEWORK_SEARCH_PATHS = "";
				SYSTEM_HEADER_SEARCH_PATHS = /usr/local/opt/openssl/include;
			};
			name = Debug;
		};
		389F043F20544EDC003F3084 /* Release */ = {
			isa = XCBuildConfiguration;
			buildSettings = {
				ARCHS = "$(ARCHS_STANDARD)";
				CLANG_CXX_LANGUAGE_STANDARD = "gnu++0x";
				CLANG_ENABLE_OBJC_ARC = YES;
				CODE_SIGN_STYLE = Automatic;
				GCC_C_LANGUAGE_STANDARD = gnu11;
				GCC_ENABLE_ASM_KEYWORD = YES;
				GCC_ENABLE_BUILTIN_FUNCTIONS = YES;
				GCC_INLINES_ARE_PRIVATE_EXTERN = YES;
				GCC_OPTIMIZATION_LEVEL = 3;
				GCC_PREPROCESSOR_DEFINITIONS = (
					__MACOS__,
					SHA256_USE_OPENSSL_TXFM,
					SHA256_OPENSSL_MBLOCK,
					DFSTOOLS,
					NDEBUG,
				);
				GCC_THREADSAFE_STATICS = YES;
				GCC_TREAT_IMPLICIT_FUNCTION_DECLARATIONS_AS_ERRORS = YES;
				GCC_WARN_ABOUT_MISSING_PROTOTYPES = YES;
				GCC_WARN_UNUSED_PARAMETER = YES;
				HEADER_SEARCH_PATHS = /usr/local/opt/openssl/include;
				LIBRARY_SEARCH_PATHS = (
					"$(inherited)",
					"$(PROJECT_DIR)/lib/openssl/lib",
				);
				OTHER_CFLAGS = "";
				PRODUCT_NAME = "$(TARGET_NAME)";
				STRINGS_FILE_OUTPUT_ENCODING = "UTF-8";
				SYSTEM_FRAMEWORK_SEARCH_PATHS = "";
				SYSTEM_HEADER_SEARCH_PATHS = /usr/local/opt/openssl/include;
			};
			name = Release;
		};
/* End XCBuildConfiguration section */

/* Begin XCConfigurationList section */
		389F043120544EDC003F3084 /* Build configuration list for PBXProject "xdag" */ = {
			isa = XCConfigurationList;
			buildConfigurations = (
				389F043B20544EDC003F3084 /* Debug */,
				389F043C20544EDC003F3084 /* Release */,
			);
			defaultConfigurationIsVisible = 0;
			defaultConfigurationName = Release;
		};
		389F043D20544EDC003F3084 /* Build configuration list for PBXNativeTarget "xdag" */ = {
			isa = XCConfigurationList;
			buildConfigurations = (
				389F043E20544EDC003F3084 /* Debug */,
				389F043F20544EDC003F3084 /* Release */,
			);
			defaultConfigurationIsVisible = 0;
			defaultConfigurationName = Release;
		};
/* End XCConfigurationList section */
	};
	rootObject = 389F042E20544EDC003F3084 /* Project object */;
}
