// !$*UTF8*$!
{
	archiveVersion = 1;
	classes = {
	};
	objectVersion = 48;
	objects = {

/* Begin PBXBuildFile section */
		385EB84221D3D64200287D2B /* address.c in Sources */ = {isa = PBXBuildFile; fileRef = 385EB7A721D3D64200287D2B /* address.c */; };
		385EB84321D3D64200287D2B /* crc.c in Sources */ = {isa = PBXBuildFile; fileRef = 385EB7AA21D3D64200287D2B /* crc.c */; };
		385EB84421D3D64200287D2B /* sha256-mb-x86_64-mac.s in Sources */ = {isa = PBXBuildFile; fileRef = 385EB7AC21D3D64200287D2B /* sha256-mb-x86_64-mac.s */; };
		385EB84621D3D64200287D2B /* sha256.c in Sources */ = {isa = PBXBuildFile; fileRef = 385EB7AE21D3D64200287D2B /* sha256.c */; };
		385EB84821D3D64200287D2B /* block.c in Sources */ = {isa = PBXBuildFile; fileRef = 385EB7B121D3D64200287D2B /* block.c */; };
		385EB84A21D3D64200287D2B /* commands.c in Sources */ = {isa = PBXBuildFile; fileRef = 385EB7B421D3D64200287D2B /* commands.c */; };
		385EB84B21D3D64200287D2B /* crypt.c in Sources */ = {isa = PBXBuildFile; fileRef = 385EB7B621D3D64200287D2B /* crypt.c */; };
		385EB84D21D3D64200287D2B /* example.pool.config in Resources */ = {isa = PBXBuildFile; fileRef = 385EB7B921D3D64200287D2B /* example.pool.config */; };
		385EB84E21D3D64200287D2B /* global.c in Sources */ = {isa = PBXBuildFile; fileRef = 385EB7BA21D3D64200287D2B /* global.c */; };
		385EB84F21D3D64200287D2B /* hash.c in Sources */ = {isa = PBXBuildFile; fileRef = 385EB7BC21D3D64200287D2B /* hash.c */; };
		385EB85021D3D64200287D2B /* http.c in Sources */ = {isa = PBXBuildFile; fileRef = 385EB7BF21D3D64200287D2B /* http.c */; };
		385EB85121D3D64200287D2B /* url.c in Sources */ = {isa = PBXBuildFile; fileRef = 385EB7C121D3D64200287D2B /* url.c */; };
		385EB85221D3D64200287D2B /* init.c in Sources */ = {isa = PBXBuildFile; fileRef = 385EB7C321D3D64200287D2B /* init.c */; };
		385EB85321D3D64200287D2B /* cJSON.c in Sources */ = {isa = PBXBuildFile; fileRef = 385EB7C621D3D64200287D2B /* cJSON.c */; };
		385EB85421D3D64200287D2B /* cJSON_Utils.c in Sources */ = {isa = PBXBuildFile; fileRef = 385EB7C821D3D64200287D2B /* cJSON_Utils.c */; };
		385EB85521D3D64200287D2B /* rpc_commands.c in Sources */ = {isa = PBXBuildFile; fileRef = 385EB7CA21D3D64200287D2B /* rpc_commands.c */; };
		385EB85621D3D64200287D2B /* rpc_procedure.c in Sources */ = {isa = PBXBuildFile; fileRef = 385EB7CC21D3D64200287D2B /* rpc_procedure.c */; };
		385EB85721D3D64200287D2B /* rpc_procedures.c in Sources */ = {isa = PBXBuildFile; fileRef = 385EB7CE21D3D64200287D2B /* rpc_procedures.c */; };
		385EB85821D3D64200287D2B /* rpc_service.c in Sources */ = {isa = PBXBuildFile; fileRef = 385EB7D021D3D64200287D2B /* rpc_service.c */; };
		385EB85921D3D64200287D2B /* rpc_wrapper.c in Sources */ = {isa = PBXBuildFile; fileRef = 385EB7D221D3D64200287D2B /* rpc_wrapper.c */; };
		385EB85C21D3D64200287D2B /* math.c in Sources */ = {isa = PBXBuildFile; fileRef = 385EB7D621D3D64200287D2B /* math.c */; };
		385EB85D21D3D64200287D2B /* memory.c in Sources */ = {isa = PBXBuildFile; fileRef = 385EB7D821D3D64200287D2B /* memory.c */; };
		385EB85E21D3D64200287D2B /* miner.c in Sources */ = {isa = PBXBuildFile; fileRef = 385EB7DA21D3D64200287D2B /* miner.c */; };
		385EB85F21D3D64200287D2B /* mining_common.c in Sources */ = {isa = PBXBuildFile; fileRef = 385EB7DC21D3D64200287D2B /* mining_common.c */; };
		385EB86021D3D64200287D2B /* netdb-testnet.txt in Resources */ = {isa = PBXBuildFile; fileRef = 385EB7DE21D3D64200287D2B /* netdb-testnet.txt */; };
		385EB86121D3D64200287D2B /* netdb-white-testnet.txt in Resources */ = {isa = PBXBuildFile; fileRef = 385EB7DF21D3D64200287D2B /* netdb-white-testnet.txt */; };
		385EB86221D3D64200287D2B /* netdb-white.txt in Resources */ = {isa = PBXBuildFile; fileRef = 385EB7E021D3D64200287D2B /* netdb-white.txt */; };
		385EB86321D3D64200287D2B /* netdb.c in Sources */ = {isa = PBXBuildFile; fileRef = 385EB7E121D3D64200287D2B /* netdb.c */; };
		385EB86421D3D64200287D2B /* netdb.txt in Resources */ = {isa = PBXBuildFile; fileRef = 385EB7E321D3D64200287D2B /* netdb.txt */; };
		385EB86521D3D64200287D2B /* network.c in Sources */ = {isa = PBXBuildFile; fileRef = 385EB7E421D3D64200287D2B /* network.c */; };
		385EB86621D3D64200287D2B /* pool.c in Sources */ = {isa = PBXBuildFile; fileRef = 385EB7E621D3D64200287D2B /* pool.c */; };
		385EB86721D3D64200287D2B /* pools-testnet.txt in Resources */ = {isa = PBXBuildFile; fileRef = 385EB7E821D3D64200287D2B /* pools-testnet.txt */; };
		385EB86821D3D64200287D2B /* pools.txt in Resources */ = {isa = PBXBuildFile; fileRef = 385EB7E921D3D64200287D2B /* pools.txt */; };
		385EB86A21D3D64200287D2B /* storage.c in Sources */ = {isa = PBXBuildFile; fileRef = 385EB7F021D3D64200287D2B /* storage.c */; };
		385EB86B21D3D64200287D2B /* sync.c in Sources */ = {isa = PBXBuildFile; fileRef = 385EB7F221D3D64200287D2B /* sync.c */; };
		385EB86C21D3D64200287D2B /* terminal.c in Sources */ = {isa = PBXBuildFile; fileRef = 385EB7F521D3D64200287D2B /* terminal.c */; };
		385EB86D21D3D64200287D2B /* time.c in Sources */ = {isa = PBXBuildFile; fileRef = 385EB7F721D3D64200287D2B /* time.c */; };
		385EB86E21D3D64200287D2B /* transport.c in Sources */ = {isa = PBXBuildFile; fileRef = 385EB7F921D3D64200287D2B /* transport.c */; };
		385EB86F21D3D64200287D2B /* atomic.c in Sources */ = {isa = PBXBuildFile; fileRef = 385EB80021D3D64200287D2B /* atomic.c */; };
		385EB87021D3D64200287D2B /* base64.c in Sources */ = {isa = PBXBuildFile; fileRef = 385EB80221D3D64200287D2B /* base64.c */; };
		385EB87121D3D64200287D2B /* dirname.c in Sources */ = {isa = PBXBuildFile; fileRef = 385EB80421D3D64200287D2B /* dirname.c */; };
		385EB87221D3D64200287D2B /* linenoise.c in Sources */ = {isa = PBXBuildFile; fileRef = 385EB80621D3D64200287D2B /* linenoise.c */; };
		385EB87321D3D64200287D2B /* log.c in Sources */ = {isa = PBXBuildFile; fileRef = 385EB80821D3D64200287D2B /* log.c */; };
		385EB87421D3D64200287D2B /* moving_average.c in Sources */ = {isa = PBXBuildFile; fileRef = 385EB80B21D3D64200287D2B /* moving_average.c */; };
		385EB87521D3D64200287D2B /* random.c in Sources */ = {isa = PBXBuildFile; fileRef = 385EB80D21D3D64200287D2B /* random.c */; };
		385EB87621D3D64200287D2B /* string_utils.c in Sources */ = {isa = PBXBuildFile; fileRef = 385EB80F21D3D64200287D2B /* string_utils.c */; };
		385EB87721D3D64200287D2B /* utils.c in Sources */ = {isa = PBXBuildFile; fileRef = 385EB81121D3D64200287D2B /* utils.c */; };
		385EB87821D3D64200287D2B /* uuid.c in Sources */ = {isa = PBXBuildFile; fileRef = 385EB81321D3D64200287D2B /* uuid.c */; };
		385EB87921D3D64200287D2B /* wallet.c in Sources */ = {isa = PBXBuildFile; fileRef = 385EB81621D3D64200287D2B /* wallet.c */; };
		385EB87A21D3D64200287D2B /* websocket.c in Sources */ = {isa = PBXBuildFile; fileRef = 385EB81921D3D64200287D2B /* websocket.c */; };
		385EB87B21D3D64200287D2B /* wslay_event.c in Sources */ = {isa = PBXBuildFile; fileRef = 385EB81E21D3D64200287D2B /* wslay_event.c */; };
		385EB87C21D3D64200287D2B /* wslay_frame.c in Sources */ = {isa = PBXBuildFile; fileRef = 385EB82021D3D64200287D2B /* wslay_frame.c */; };
		385EB87D21D3D64200287D2B /* wslay_net.c in Sources */ = {isa = PBXBuildFile; fileRef = 385EB82221D3D64200287D2B /* wslay_net.c */; };
		385EB87E21D3D64200287D2B /* wslay_queue.c in Sources */ = {isa = PBXBuildFile; fileRef = 385EB82421D3D64200287D2B /* wslay_queue.c */; };
		385EB87F21D3D64200287D2B /* wslay_stack.c in Sources */ = {isa = PBXBuildFile; fileRef = 385EB82621D3D64200287D2B /* wslay_stack.c */; };
		385EB88021D3D64200287D2B /* x86_64cpuid-mac.s in Sources */ = {isa = PBXBuildFile; fileRef = 385EB82921D3D64200287D2B /* x86_64cpuid-mac.s */; };
		385EB88221D3D64200287D2B /* xdag_config.c in Sources */ = {isa = PBXBuildFile; fileRef = 385EB82B21D3D64200287D2B /* xdag_config.c */; };
		385EB88321D3D64200287D2B /* dfslib_crypt.c in Sources */ = {isa = PBXBuildFile; fileRef = 385EB82E21D3D64200287D2B /* dfslib_crypt.c */; };
		385EB88421D3D64200287D2B /* dfslib_random.c in Sources */ = {isa = PBXBuildFile; fileRef = 385EB83021D3D64200287D2B /* dfslib_random.c */; };
		385EB88521D3D64200287D2B /* dfslib_string.c in Sources */ = {isa = PBXBuildFile; fileRef = 385EB83221D3D64200287D2B /* dfslib_string.c */; };
		385EB88621D3D64200287D2B /* dfsrsa.c in Sources */ = {isa = PBXBuildFile; fileRef = 385EB83521D3D64200287D2B /* dfsrsa.c */; };
		385EB88721D3D64200287D2B /* dnet_crypt.c in Sources */ = {isa = PBXBuildFile; fileRef = 385EB83821D3D64200287D2B /* dnet_crypt.c */; };
		385EB88921D3D64200287D2B /* dnet_xdag.c in Sources */ = {isa = PBXBuildFile; fileRef = 385EB83F21D3D64200287D2B /* dnet_xdag.c */; };
		385EB88B21D3D76100287D2B /* dnet_keys.bin in Resources */ = {isa = PBXBuildFile; fileRef = 385EB83B21D3D64200287D2B /* dnet_keys.bin */; };
		385EB88C21D3D83800287D2B /* dnet_keys.bin in CopyFiles */ = {isa = PBXBuildFile; fileRef = 385EB83B21D3D64200287D2B /* dnet_keys.bin */; };
		385EB88D21D3D84000287D2B /* example.pool.config in CopyFiles */ = {isa = PBXBuildFile; fileRef = 385EB7B921D3D64200287D2B /* example.pool.config */; };
		385EB88E21D3D84000287D2B /* pools-testnet.txt in CopyFiles */ = {isa = PBXBuildFile; fileRef = 385EB7E821D3D64200287D2B /* pools-testnet.txt */; };
		385EB88F21D3D84000287D2B /* pools.txt in CopyFiles */ = {isa = PBXBuildFile; fileRef = 385EB7E921D3D64200287D2B /* pools.txt */; };
		385EB89021D3D84900287D2B /* netdb-testnet.txt in CopyFiles */ = {isa = PBXBuildFile; fileRef = 385EB7DE21D3D64200287D2B /* netdb-testnet.txt */; };
		385EB89121D3D84900287D2B /* netdb-white-testnet.txt in CopyFiles */ = {isa = PBXBuildFile; fileRef = 385EB7DF21D3D64200287D2B /* netdb-white-testnet.txt */; };
		385EB89221D3D84900287D2B /* netdb-white.txt in CopyFiles */ = {isa = PBXBuildFile; fileRef = 385EB7E021D3D64200287D2B /* netdb-white.txt */; };
		385EB89321D3D84900287D2B /* netdb.txt in CopyFiles */ = {isa = PBXBuildFile; fileRef = 385EB7E321D3D64200287D2B /* netdb.txt */; };
		410D8A6C23424F7D00C89764 /* librocksdb.a in Frameworks */ = {isa = PBXBuildFile; fileRef = 410D8A6B23424F6800C89764 /* librocksdb.a */; };
		418AAFF6213BB3A900E96520 /* libcrypto.a in Frameworks */ = {isa = PBXBuildFile; fileRef = 418AAFF5213BB3A900E96520 /* libcrypto.a */; };
		418AAFF8213BB3B300E96520 /* libssl.a in Frameworks */ = {isa = PBXBuildFile; fileRef = 418AAFF7213BB3B300E96520 /* libssl.a */; };
		4198C18F234DBE8100B5C2F4 /* rsdb.c in Sources */ = {isa = PBXBuildFile; fileRef = 410D8A7223424FD800C89764 /* rsdb.c */; };
		41B5900B235C57C000D111EF /* main.c in Sources */ = {isa = PBXBuildFile; fileRef = 385EB7D421D3D64200287D2B /* main.c */; };
		41B5900D235C5BB300D111EF /* libbz2.dylib in Frameworks */ = {isa = PBXBuildFile; fileRef = 41B5900C235C5BB300D111EF /* libbz2.dylib */; };
		41B5900E235C5BB300D111EF /* libbz2.dylib in Embed Libraries */ = {isa = PBXBuildFile; fileRef = 41B5900C235C5BB300D111EF /* libbz2.dylib */; settings = {ATTRIBUTES = (CodeSignOnCopy, ); }; };
		41B59011235C5C2F00D111EF /* libsnappy.a in Frameworks */ = {isa = PBXBuildFile; fileRef = 41B59010235C5C1A00D111EF /* libsnappy.a */; };
		41B59013235C5CB600D111EF /* liblz4.a in Frameworks */ = {isa = PBXBuildFile; fileRef = 41B59012235C5CA900D111EF /* liblz4.a */; };
		41B59015235C5D0A00D111EF /* libc++.1.dylib in Frameworks */ = {isa = PBXBuildFile; fileRef = 41B59014235C5D0A00D111EF /* libc++.1.dylib */; };
		41B59016235C5D0A00D111EF /* libc++.1.dylib in Embed Libraries */ = {isa = PBXBuildFile; fileRef = 41B59014235C5D0A00D111EF /* libc++.1.dylib */; settings = {ATTRIBUTES = (CodeSignOnCopy, ); }; };
		41B59018235C5D4300D111EF /* libz.1.dylib in Frameworks */ = {isa = PBXBuildFile; fileRef = 41B59017235C5D4300D111EF /* libz.1.dylib */; };
		41B59019235C5D4300D111EF /* libz.1.dylib in Embed Libraries */ = {isa = PBXBuildFile; fileRef = 41B59017235C5D4300D111EF /* libz.1.dylib */; settings = {ATTRIBUTES = (CodeSignOnCopy, ); }; };
		41E00BED233D003E0031DA53 /* libsecp256k1.a in Frameworks */ = {isa = PBXBuildFile; fileRef = 41E00BEC233D003E0031DA53 /* libsecp256k1.a */; };
		41E00BEF233D056E0031DA53 /* libgmp.a in Frameworks */ = {isa = PBXBuildFile; fileRef = 41E00BEE233D056E0031DA53 /* libgmp.a */; };
/* End PBXBuildFile section */

/* Begin PBXCopyFilesBuildPhase section */
		389F043420544EDC003F3084 /* CopyFiles */ = {
			isa = PBXCopyFilesBuildPhase;
			buildActionMask = 12;
			dstPath = .;
			dstSubfolderSpec = 6;
			files = (
				385EB89021D3D84900287D2B /* netdb-testnet.txt in CopyFiles */,
				385EB89121D3D84900287D2B /* netdb-white-testnet.txt in CopyFiles */,
				385EB89221D3D84900287D2B /* netdb-white.txt in CopyFiles */,
				385EB89321D3D84900287D2B /* netdb.txt in CopyFiles */,
				385EB88D21D3D84000287D2B /* example.pool.config in CopyFiles */,
				385EB88E21D3D84000287D2B /* pools-testnet.txt in CopyFiles */,
				385EB88F21D3D84000287D2B /* pools.txt in CopyFiles */,
				385EB88C21D3D83800287D2B /* dnet_keys.bin in CopyFiles */,
			);
			runOnlyForDeploymentPostprocessing = 0;
		};
		41B5900F235C5BB300D111EF /* Embed Libraries */ = {
			isa = PBXCopyFilesBuildPhase;
			buildActionMask = 2147483647;
			dstPath = "";
			dstSubfolderSpec = 10;
			files = (
				41B5900E235C5BB300D111EF /* libbz2.dylib in Embed Libraries */,
				41B59019235C5D4300D111EF /* libz.1.dylib in Embed Libraries */,
				41B59016235C5D0A00D111EF /* libc++.1.dylib in Embed Libraries */,
			);
			name = "Embed Libraries";
			runOnlyForDeploymentPostprocessing = 0;
		};
/* End PBXCopyFilesBuildPhase section */

/* Begin PBXFileReference section */
		385EB7A321D3D64200287D2B /* atomic.h */ = {isa = PBXFileReference; fileEncoding = 4; lastKnownFileType = sourcecode.c.h; path = atomic.h; sourceTree = "<group>"; };
		385EB7A421D3D64200287D2B /* list.h */ = {isa = PBXFileReference; fileEncoding = 4; lastKnownFileType = sourcecode.c.h; path = list.h; sourceTree = "<group>"; };
		385EB7A521D3D64200287D2B /* rbtree.h */ = {isa = PBXFileReference; fileEncoding = 4; lastKnownFileType = sourcecode.c.h; path = rbtree.h; sourceTree = "<group>"; };
		385EB7A721D3D64200287D2B /* address.c */ = {isa = PBXFileReference; fileEncoding = 4; lastKnownFileType = sourcecode.c.c; path = address.c; sourceTree = "<group>"; };
		385EB7A821D3D64200287D2B /* address.h */ = {isa = PBXFileReference; fileEncoding = 4; lastKnownFileType = sourcecode.c.h; path = address.h; sourceTree = "<group>"; };
		385EB7AA21D3D64200287D2B /* crc.c */ = {isa = PBXFileReference; fileEncoding = 4; lastKnownFileType = sourcecode.c.c; path = crc.c; sourceTree = "<group>"; };
		385EB7AB21D3D64200287D2B /* crc.h */ = {isa = PBXFileReference; fileEncoding = 4; lastKnownFileType = sourcecode.c.h; path = crc.h; sourceTree = "<group>"; };
		385EB7AC21D3D64200287D2B /* sha256-mb-x86_64-mac.s */ = {isa = PBXFileReference; fileEncoding = 4; lastKnownFileType = sourcecode.asm; path = "sha256-mb-x86_64-mac.s"; sourceTree = "<group>"; };
		385EB7AE21D3D64200287D2B /* sha256.c */ = {isa = PBXFileReference; fileEncoding = 4; lastKnownFileType = sourcecode.c.c; path = sha256.c; sourceTree = "<group>"; };
		385EB7AF21D3D64200287D2B /* sha256.h */ = {isa = PBXFileReference; fileEncoding = 4; lastKnownFileType = sourcecode.c.h; path = sha256.h; sourceTree = "<group>"; };
		385EB7B121D3D64200287D2B /* block.c */ = {isa = PBXFileReference; fileEncoding = 4; lastKnownFileType = sourcecode.c.c; path = block.c; sourceTree = "<group>"; wrapsLines = 0; };
		385EB7B321D3D64200287D2B /* block.h */ = {isa = PBXFileReference; fileEncoding = 4; lastKnownFileType = sourcecode.c.h; path = block.h; sourceTree = "<group>"; wrapsLines = 0; };
		385EB7B421D3D64200287D2B /* commands.c */ = {isa = PBXFileReference; fileEncoding = 4; lastKnownFileType = sourcecode.c.c; path = commands.c; sourceTree = "<group>"; wrapsLines = 0; };
		385EB7B521D3D64200287D2B /* commands.h */ = {isa = PBXFileReference; fileEncoding = 4; lastKnownFileType = sourcecode.c.h; path = commands.h; sourceTree = "<group>"; };
		385EB7B621D3D64200287D2B /* crypt.c */ = {isa = PBXFileReference; fileEncoding = 4; lastKnownFileType = sourcecode.c.c; path = crypt.c; sourceTree = "<group>"; };
		385EB7B721D3D64200287D2B /* crypt.h */ = {isa = PBXFileReference; fileEncoding = 4; lastKnownFileType = sourcecode.c.h; path = crypt.h; sourceTree = "<group>"; };
		385EB7B921D3D64200287D2B /* example.pool.config */ = {isa = PBXFileReference; fileEncoding = 4; lastKnownFileType = text; path = example.pool.config; sourceTree = "<group>"; };
		385EB7BA21D3D64200287D2B /* global.c */ = {isa = PBXFileReference; fileEncoding = 4; lastKnownFileType = sourcecode.c.c; path = global.c; sourceTree = "<group>"; };
		385EB7BB21D3D64200287D2B /* global.h */ = {isa = PBXFileReference; fileEncoding = 4; lastKnownFileType = sourcecode.c.h; path = global.h; sourceTree = "<group>"; };
		385EB7BC21D3D64200287D2B /* hash.c */ = {isa = PBXFileReference; fileEncoding = 4; lastKnownFileType = sourcecode.c.c; path = hash.c; sourceTree = "<group>"; };
		385EB7BD21D3D64200287D2B /* hash.h */ = {isa = PBXFileReference; fileEncoding = 4; lastKnownFileType = sourcecode.c.h; path = hash.h; sourceTree = "<group>"; };
		385EB7BF21D3D64200287D2B /* http.c */ = {isa = PBXFileReference; fileEncoding = 4; lastKnownFileType = sourcecode.c.c; path = http.c; sourceTree = "<group>"; };
		385EB7C021D3D64200287D2B /* http.h */ = {isa = PBXFileReference; fileEncoding = 4; lastKnownFileType = sourcecode.c.h; path = http.h; sourceTree = "<group>"; };
		385EB7C121D3D64200287D2B /* url.c */ = {isa = PBXFileReference; fileEncoding = 4; lastKnownFileType = sourcecode.c.c; path = url.c; sourceTree = "<group>"; };
		385EB7C221D3D64200287D2B /* url.h */ = {isa = PBXFileReference; fileEncoding = 4; lastKnownFileType = sourcecode.c.h; path = url.h; sourceTree = "<group>"; };
		385EB7C321D3D64200287D2B /* init.c */ = {isa = PBXFileReference; fileEncoding = 4; lastKnownFileType = sourcecode.c.c; path = init.c; sourceTree = "<group>"; };
		385EB7C421D3D64200287D2B /* init.h */ = {isa = PBXFileReference; fileEncoding = 4; lastKnownFileType = sourcecode.c.h; path = init.h; sourceTree = "<group>"; };
		385EB7C621D3D64200287D2B /* cJSON.c */ = {isa = PBXFileReference; fileEncoding = 4; lastKnownFileType = sourcecode.c.c; path = cJSON.c; sourceTree = "<group>"; };
		385EB7C721D3D64200287D2B /* cJSON.h */ = {isa = PBXFileReference; fileEncoding = 4; lastKnownFileType = sourcecode.c.h; path = cJSON.h; sourceTree = "<group>"; };
		385EB7C821D3D64200287D2B /* cJSON_Utils.c */ = {isa = PBXFileReference; fileEncoding = 4; lastKnownFileType = sourcecode.c.c; path = cJSON_Utils.c; sourceTree = "<group>"; };
		385EB7C921D3D64200287D2B /* cJSON_Utils.h */ = {isa = PBXFileReference; fileEncoding = 4; lastKnownFileType = sourcecode.c.h; path = cJSON_Utils.h; sourceTree = "<group>"; };
		385EB7CA21D3D64200287D2B /* rpc_commands.c */ = {isa = PBXFileReference; fileEncoding = 4; lastKnownFileType = sourcecode.c.c; path = rpc_commands.c; sourceTree = "<group>"; };
		385EB7CB21D3D64200287D2B /* rpc_commands.h */ = {isa = PBXFileReference; fileEncoding = 4; lastKnownFileType = sourcecode.c.h; path = rpc_commands.h; sourceTree = "<group>"; };
		385EB7CC21D3D64200287D2B /* rpc_procedure.c */ = {isa = PBXFileReference; fileEncoding = 4; lastKnownFileType = sourcecode.c.c; path = rpc_procedure.c; sourceTree = "<group>"; };
		385EB7CD21D3D64200287D2B /* rpc_procedure.h */ = {isa = PBXFileReference; fileEncoding = 4; lastKnownFileType = sourcecode.c.h; path = rpc_procedure.h; sourceTree = "<group>"; };
		385EB7CE21D3D64200287D2B /* rpc_procedures.c */ = {isa = PBXFileReference; fileEncoding = 4; lastKnownFileType = sourcecode.c.c; path = rpc_procedures.c; sourceTree = "<group>"; };
		385EB7CF21D3D64200287D2B /* rpc_procedures.h */ = {isa = PBXFileReference; fileEncoding = 4; lastKnownFileType = sourcecode.c.h; path = rpc_procedures.h; sourceTree = "<group>"; };
		385EB7D021D3D64200287D2B /* rpc_service.c */ = {isa = PBXFileReference; fileEncoding = 4; lastKnownFileType = sourcecode.c.c; path = rpc_service.c; sourceTree = "<group>"; };
		385EB7D121D3D64200287D2B /* rpc_service.h */ = {isa = PBXFileReference; fileEncoding = 4; lastKnownFileType = sourcecode.c.h; path = rpc_service.h; sourceTree = "<group>"; };
		385EB7D221D3D64200287D2B /* rpc_wrapper.c */ = {isa = PBXFileReference; fileEncoding = 4; lastKnownFileType = sourcecode.c.c; path = rpc_wrapper.c; sourceTree = "<group>"; };
		385EB7D321D3D64200287D2B /* rpc_wrapper.h */ = {isa = PBXFileReference; fileEncoding = 4; lastKnownFileType = sourcecode.c.h; path = rpc_wrapper.h; sourceTree = "<group>"; };
		385EB7D421D3D64200287D2B /* main.c */ = {isa = PBXFileReference; fileEncoding = 4; lastKnownFileType = sourcecode.c.c; path = main.c; sourceTree = "<group>"; wrapsLines = 0; };
		385EB7D621D3D64200287D2B /* math.c */ = {isa = PBXFileReference; fileEncoding = 4; lastKnownFileType = sourcecode.c.c; path = math.c; sourceTree = "<group>"; };
		385EB7D721D3D64200287D2B /* math.h */ = {isa = PBXFileReference; fileEncoding = 4; lastKnownFileType = sourcecode.c.h; path = math.h; sourceTree = "<group>"; };
		385EB7D821D3D64200287D2B /* memory.c */ = {isa = PBXFileReference; fileEncoding = 4; lastKnownFileType = sourcecode.c.c; path = memory.c; sourceTree = "<group>"; };
		385EB7D921D3D64200287D2B /* memory.h */ = {isa = PBXFileReference; fileEncoding = 4; lastKnownFileType = sourcecode.c.h; path = memory.h; sourceTree = "<group>"; };
		385EB7DA21D3D64200287D2B /* miner.c */ = {isa = PBXFileReference; fileEncoding = 4; lastKnownFileType = sourcecode.c.c; path = miner.c; sourceTree = "<group>"; };
		385EB7DB21D3D64200287D2B /* miner.h */ = {isa = PBXFileReference; fileEncoding = 4; lastKnownFileType = sourcecode.c.h; path = miner.h; sourceTree = "<group>"; };
		385EB7DC21D3D64200287D2B /* mining_common.c */ = {isa = PBXFileReference; fileEncoding = 4; lastKnownFileType = sourcecode.c.c; path = mining_common.c; sourceTree = "<group>"; };
		385EB7DD21D3D64200287D2B /* mining_common.h */ = {isa = PBXFileReference; fileEncoding = 4; lastKnownFileType = sourcecode.c.h; path = mining_common.h; sourceTree = "<group>"; };
		385EB7DE21D3D64200287D2B /* netdb-testnet.txt */ = {isa = PBXFileReference; fileEncoding = 4; lastKnownFileType = text; path = "netdb-testnet.txt"; sourceTree = "<group>"; };
		385EB7DF21D3D64200287D2B /* netdb-white-testnet.txt */ = {isa = PBXFileReference; fileEncoding = 4; lastKnownFileType = text; path = "netdb-white-testnet.txt"; sourceTree = "<group>"; };
		385EB7E021D3D64200287D2B /* netdb-white.txt */ = {isa = PBXFileReference; fileEncoding = 4; lastKnownFileType = text; path = "netdb-white.txt"; sourceTree = "<group>"; };
		385EB7E121D3D64200287D2B /* netdb.c */ = {isa = PBXFileReference; fileEncoding = 4; lastKnownFileType = sourcecode.c.c; path = netdb.c; sourceTree = "<group>"; };
		385EB7E221D3D64200287D2B /* netdb.h */ = {isa = PBXFileReference; fileEncoding = 4; lastKnownFileType = sourcecode.c.h; path = netdb.h; sourceTree = "<group>"; };
		385EB7E321D3D64200287D2B /* netdb.txt */ = {isa = PBXFileReference; fileEncoding = 4; lastKnownFileType = text; path = netdb.txt; sourceTree = "<group>"; };
		385EB7E421D3D64200287D2B /* network.c */ = {isa = PBXFileReference; fileEncoding = 4; lastKnownFileType = sourcecode.c.c; path = network.c; sourceTree = "<group>"; };
		385EB7E521D3D64200287D2B /* network.h */ = {isa = PBXFileReference; fileEncoding = 4; lastKnownFileType = sourcecode.c.h; path = network.h; sourceTree = "<group>"; };
		385EB7E621D3D64200287D2B /* pool.c */ = {isa = PBXFileReference; fileEncoding = 4; lastKnownFileType = sourcecode.c.c; path = pool.c; sourceTree = "<group>"; };
		385EB7E721D3D64200287D2B /* pool.h */ = {isa = PBXFileReference; fileEncoding = 4; lastKnownFileType = sourcecode.c.h; path = pool.h; sourceTree = "<group>"; };
		385EB7E821D3D64200287D2B /* pools-testnet.txt */ = {isa = PBXFileReference; fileEncoding = 4; lastKnownFileType = text; path = "pools-testnet.txt"; sourceTree = "<group>"; };
		385EB7E921D3D64200287D2B /* pools.txt */ = {isa = PBXFileReference; fileEncoding = 4; lastKnownFileType = text; path = pools.txt; sourceTree = "<group>"; };
		385EB7EA21D3D64200287D2B /* state.h */ = {isa = PBXFileReference; fileEncoding = 4; lastKnownFileType = sourcecode.c.h; path = state.h; sourceTree = "<group>"; };
		385EB7F021D3D64200287D2B /* storage.c */ = {isa = PBXFileReference; fileEncoding = 4; lastKnownFileType = sourcecode.c.c; path = storage.c; sourceTree = "<group>"; };
		385EB7F121D3D64200287D2B /* storage.h */ = {isa = PBXFileReference; fileEncoding = 4; lastKnownFileType = sourcecode.c.h; path = storage.h; sourceTree = "<group>"; };
		385EB7F221D3D64200287D2B /* sync.c */ = {isa = PBXFileReference; fileEncoding = 4; lastKnownFileType = sourcecode.c.c; path = sync.c; sourceTree = "<group>"; };
		385EB7F321D3D64200287D2B /* sync.h */ = {isa = PBXFileReference; fileEncoding = 4; lastKnownFileType = sourcecode.c.h; path = sync.h; sourceTree = "<group>"; };
		385EB7F421D3D64200287D2B /* system.h */ = {isa = PBXFileReference; fileEncoding = 4; lastKnownFileType = sourcecode.c.h; path = system.h; sourceTree = "<group>"; };
		385EB7F521D3D64200287D2B /* terminal.c */ = {isa = PBXFileReference; fileEncoding = 4; lastKnownFileType = sourcecode.c.c; path = terminal.c; sourceTree = "<group>"; };
		385EB7F621D3D64200287D2B /* terminal.h */ = {isa = PBXFileReference; fileEncoding = 4; lastKnownFileType = sourcecode.c.h; path = terminal.h; sourceTree = "<group>"; };
		385EB7F721D3D64200287D2B /* time.c */ = {isa = PBXFileReference; fileEncoding = 4; lastKnownFileType = sourcecode.c.c; path = time.c; sourceTree = "<group>"; };
		385EB7F821D3D64200287D2B /* time.h */ = {isa = PBXFileReference; fileEncoding = 4; lastKnownFileType = sourcecode.c.h; path = time.h; sourceTree = "<group>"; };
		385EB7F921D3D64200287D2B /* transport.c */ = {isa = PBXFileReference; fileEncoding = 4; lastKnownFileType = sourcecode.c.c; path = transport.c; sourceTree = "<group>"; };
		385EB7FA21D3D64200287D2B /* transport.h */ = {isa = PBXFileReference; fileEncoding = 4; lastKnownFileType = sourcecode.c.h; path = transport.h; sourceTree = "<group>"; };
		385EB7FB21D3D64200287D2B /* types.h */ = {isa = PBXFileReference; fileEncoding = 4; lastKnownFileType = sourcecode.c.h; path = types.h; sourceTree = "<group>"; };
		385EB7FD21D3D64200287D2B /* uthash.h */ = {isa = PBXFileReference; fileEncoding = 4; lastKnownFileType = sourcecode.c.h; path = uthash.h; sourceTree = "<group>"; };
		385EB7FE21D3D64200287D2B /* utlist.h */ = {isa = PBXFileReference; fileEncoding = 4; lastKnownFileType = sourcecode.c.h; path = utlist.h; sourceTree = "<group>"; };
		385EB80021D3D64200287D2B /* atomic.c */ = {isa = PBXFileReference; fileEncoding = 4; lastKnownFileType = sourcecode.c.c; path = atomic.c; sourceTree = "<group>"; };
		385EB80121D3D64200287D2B /* atomic.h */ = {isa = PBXFileReference; fileEncoding = 4; lastKnownFileType = sourcecode.c.h; path = atomic.h; sourceTree = "<group>"; };
		385EB80221D3D64200287D2B /* base64.c */ = {isa = PBXFileReference; fileEncoding = 4; lastKnownFileType = sourcecode.c.c; path = base64.c; sourceTree = "<group>"; };
		385EB80321D3D64200287D2B /* base64.h */ = {isa = PBXFileReference; fileEncoding = 4; lastKnownFileType = sourcecode.c.h; path = base64.h; sourceTree = "<group>"; };
		385EB80421D3D64200287D2B /* dirname.c */ = {isa = PBXFileReference; fileEncoding = 4; lastKnownFileType = sourcecode.c.c; path = dirname.c; sourceTree = "<group>"; };
		385EB80521D3D64200287D2B /* dirname.h */ = {isa = PBXFileReference; fileEncoding = 4; lastKnownFileType = sourcecode.c.h; path = dirname.h; sourceTree = "<group>"; };
		385EB80621D3D64200287D2B /* linenoise.c */ = {isa = PBXFileReference; fileEncoding = 4; lastKnownFileType = sourcecode.c.c; path = linenoise.c; sourceTree = "<group>"; };
		385EB80721D3D64200287D2B /* linenoise.h */ = {isa = PBXFileReference; fileEncoding = 4; lastKnownFileType = sourcecode.c.h; path = linenoise.h; sourceTree = "<group>"; };
		385EB80821D3D64200287D2B /* log.c */ = {isa = PBXFileReference; fileEncoding = 4; lastKnownFileType = sourcecode.c.c; path = log.c; sourceTree = "<group>"; };
		385EB80921D3D64200287D2B /* log.h */ = {isa = PBXFileReference; fileEncoding = 4; lastKnownFileType = sourcecode.c.h; path = log.h; sourceTree = "<group>"; };
		385EB80B21D3D64200287D2B /* moving_average.c */ = {isa = PBXFileReference; fileEncoding = 4; lastKnownFileType = sourcecode.c.c; path = moving_average.c; sourceTree = "<group>"; };
		385EB80C21D3D64200287D2B /* moving_average.h */ = {isa = PBXFileReference; fileEncoding = 4; lastKnownFileType = sourcecode.c.h; path = moving_average.h; sourceTree = "<group>"; };
		385EB80D21D3D64200287D2B /* random.c */ = {isa = PBXFileReference; fileEncoding = 4; lastKnownFileType = sourcecode.c.c; path = random.c; sourceTree = "<group>"; };
		385EB80E21D3D64200287D2B /* random.h */ = {isa = PBXFileReference; fileEncoding = 4; lastKnownFileType = sourcecode.c.h; path = random.h; sourceTree = "<group>"; };
		385EB80F21D3D64200287D2B /* string_utils.c */ = {isa = PBXFileReference; fileEncoding = 4; lastKnownFileType = sourcecode.c.c; path = string_utils.c; sourceTree = "<group>"; };
		385EB81021D3D64200287D2B /* string_utils.h */ = {isa = PBXFileReference; fileEncoding = 4; lastKnownFileType = sourcecode.c.h; path = string_utils.h; sourceTree = "<group>"; };
		385EB81121D3D64200287D2B /* utils.c */ = {isa = PBXFileReference; fileEncoding = 4; lastKnownFileType = sourcecode.c.c; path = utils.c; sourceTree = "<group>"; };
		385EB81221D3D64200287D2B /* utils.h */ = {isa = PBXFileReference; fileEncoding = 4; lastKnownFileType = sourcecode.c.h; path = utils.h; sourceTree = "<group>"; };
		385EB81321D3D64200287D2B /* uuid.c */ = {isa = PBXFileReference; fileEncoding = 4; lastKnownFileType = sourcecode.c.c; path = uuid.c; sourceTree = "<group>"; };
		385EB81421D3D64200287D2B /* uuid.h */ = {isa = PBXFileReference; fileEncoding = 4; lastKnownFileType = sourcecode.c.h; path = uuid.h; sourceTree = "<group>"; };
		385EB81521D3D64200287D2B /* version.h */ = {isa = PBXFileReference; fileEncoding = 4; lastKnownFileType = sourcecode.c.h; path = version.h; sourceTree = "<group>"; };
		385EB81621D3D64200287D2B /* wallet.c */ = {isa = PBXFileReference; fileEncoding = 4; lastKnownFileType = sourcecode.c.c; path = wallet.c; sourceTree = "<group>"; };
		385EB81721D3D64200287D2B /* wallet.h */ = {isa = PBXFileReference; fileEncoding = 4; lastKnownFileType = sourcecode.c.h; path = wallet.h; sourceTree = "<group>"; };
		385EB81921D3D64200287D2B /* websocket.c */ = {isa = PBXFileReference; fileEncoding = 4; lastKnownFileType = sourcecode.c.c; path = websocket.c; sourceTree = "<group>"; };
		385EB81A21D3D64200287D2B /* websocket.h */ = {isa = PBXFileReference; fileEncoding = 4; lastKnownFileType = sourcecode.c.h; path = websocket.h; sourceTree = "<group>"; };
		385EB81C21D3D64200287D2B /* config.h */ = {isa = PBXFileReference; fileEncoding = 4; lastKnownFileType = sourcecode.c.h; path = config.h; sourceTree = "<group>"; };
		385EB81D21D3D64200287D2B /* wslay.h */ = {isa = PBXFileReference; fileEncoding = 4; lastKnownFileType = sourcecode.c.h; path = wslay.h; sourceTree = "<group>"; };
		385EB81E21D3D64200287D2B /* wslay_event.c */ = {isa = PBXFileReference; fileEncoding = 4; lastKnownFileType = sourcecode.c.c; path = wslay_event.c; sourceTree = "<group>"; };
		385EB81F21D3D64200287D2B /* wslay_event.h */ = {isa = PBXFileReference; fileEncoding = 4; lastKnownFileType = sourcecode.c.h; path = wslay_event.h; sourceTree = "<group>"; };
		385EB82021D3D64200287D2B /* wslay_frame.c */ = {isa = PBXFileReference; fileEncoding = 4; lastKnownFileType = sourcecode.c.c; path = wslay_frame.c; sourceTree = "<group>"; };
		385EB82121D3D64200287D2B /* wslay_frame.h */ = {isa = PBXFileReference; fileEncoding = 4; lastKnownFileType = sourcecode.c.h; path = wslay_frame.h; sourceTree = "<group>"; };
		385EB82221D3D64200287D2B /* wslay_net.c */ = {isa = PBXFileReference; fileEncoding = 4; lastKnownFileType = sourcecode.c.c; path = wslay_net.c; sourceTree = "<group>"; };
		385EB82321D3D64200287D2B /* wslay_net.h */ = {isa = PBXFileReference; fileEncoding = 4; lastKnownFileType = sourcecode.c.h; path = wslay_net.h; sourceTree = "<group>"; };
		385EB82421D3D64200287D2B /* wslay_queue.c */ = {isa = PBXFileReference; fileEncoding = 4; lastKnownFileType = sourcecode.c.c; path = wslay_queue.c; sourceTree = "<group>"; };
		385EB82521D3D64200287D2B /* wslay_queue.h */ = {isa = PBXFileReference; fileEncoding = 4; lastKnownFileType = sourcecode.c.h; path = wslay_queue.h; sourceTree = "<group>"; };
		385EB82621D3D64200287D2B /* wslay_stack.c */ = {isa = PBXFileReference; fileEncoding = 4; lastKnownFileType = sourcecode.c.c; path = wslay_stack.c; sourceTree = "<group>"; };
		385EB82721D3D64200287D2B /* wslay_stack.h */ = {isa = PBXFileReference; fileEncoding = 4; lastKnownFileType = sourcecode.c.h; path = wslay_stack.h; sourceTree = "<group>"; };
		385EB82821D3D64200287D2B /* wslayver.h */ = {isa = PBXFileReference; fileEncoding = 4; lastKnownFileType = sourcecode.c.h; path = wslayver.h; sourceTree = "<group>"; };
		385EB82921D3D64200287D2B /* x86_64cpuid-mac.s */ = {isa = PBXFileReference; fileEncoding = 4; lastKnownFileType = sourcecode.asm; path = "x86_64cpuid-mac.s"; sourceTree = "<group>"; };
		385EB82B21D3D64200287D2B /* xdag_config.c */ = {isa = PBXFileReference; fileEncoding = 4; lastKnownFileType = sourcecode.c.c; path = xdag_config.c; sourceTree = "<group>"; };
		385EB82C21D3D64200287D2B /* xdag_config.h */ = {isa = PBXFileReference; fileEncoding = 4; lastKnownFileType = sourcecode.c.h; path = xdag_config.h; sourceTree = "<group>"; };
		385EB82E21D3D64200287D2B /* dfslib_crypt.c */ = {isa = PBXFileReference; fileEncoding = 4; lastKnownFileType = sourcecode.c.c; path = dfslib_crypt.c; sourceTree = "<group>"; };
		385EB82F21D3D64200287D2B /* dfslib_crypt.h */ = {isa = PBXFileReference; fileEncoding = 4; lastKnownFileType = sourcecode.c.h; path = dfslib_crypt.h; sourceTree = "<group>"; };
		385EB83021D3D64200287D2B /* dfslib_random.c */ = {isa = PBXFileReference; fileEncoding = 4; lastKnownFileType = sourcecode.c.c; path = dfslib_random.c; sourceTree = "<group>"; };
		385EB83121D3D64200287D2B /* dfslib_random.h */ = {isa = PBXFileReference; fileEncoding = 4; lastKnownFileType = sourcecode.c.h; path = dfslib_random.h; sourceTree = "<group>"; };
		385EB83221D3D64200287D2B /* dfslib_string.c */ = {isa = PBXFileReference; fileEncoding = 4; lastKnownFileType = sourcecode.c.c; path = dfslib_string.c; sourceTree = "<group>"; };
		385EB83321D3D64200287D2B /* dfslib_string.h */ = {isa = PBXFileReference; fileEncoding = 4; lastKnownFileType = sourcecode.c.h; path = dfslib_string.h; sourceTree = "<group>"; };
		385EB83421D3D64200287D2B /* dfslib_types.h */ = {isa = PBXFileReference; fileEncoding = 4; lastKnownFileType = sourcecode.c.h; path = dfslib_types.h; sourceTree = "<group>"; };
		385EB83521D3D64200287D2B /* dfsrsa.c */ = {isa = PBXFileReference; fileEncoding = 4; lastKnownFileType = sourcecode.c.c; path = dfsrsa.c; sourceTree = "<group>"; };
		385EB83621D3D64200287D2B /* dfsrsa.h */ = {isa = PBXFileReference; fileEncoding = 4; lastKnownFileType = sourcecode.c.h; path = dfsrsa.h; sourceTree = "<group>"; };
		385EB83821D3D64200287D2B /* dnet_crypt.c */ = {isa = PBXFileReference; fileEncoding = 4; lastKnownFileType = sourcecode.c.c; path = dnet_crypt.c; sourceTree = "<group>"; };
		385EB83921D3D64200287D2B /* dnet_crypt.h */ = {isa = PBXFileReference; fileEncoding = 4; lastKnownFileType = sourcecode.c.h; path = dnet_crypt.h; sourceTree = "<group>"; };
		385EB83A21D3D64200287D2B /* dnet_history.h */ = {isa = PBXFileReference; fileEncoding = 4; lastKnownFileType = sourcecode.c.h; path = dnet_history.h; sourceTree = "<group>"; };
		385EB83B21D3D64200287D2B /* dnet_keys.bin */ = {isa = PBXFileReference; lastKnownFileType = archive.macbinary; path = dnet_keys.bin; sourceTree = "<group>"; };
		385EB83C21D3D64200287D2B /* dnet_main.h */ = {isa = PBXFileReference; fileEncoding = 4; lastKnownFileType = sourcecode.c.h; path = dnet_main.h; sourceTree = "<group>"; };
		385EB83D21D3D64200287D2B /* dnet_packet.h */ = {isa = PBXFileReference; fileEncoding = 4; lastKnownFileType = sourcecode.c.h; path = dnet_packet.h; sourceTree = "<group>"; };
		385EB83E21D3D64200287D2B /* dnet_system.h */ = {isa = PBXFileReference; fileEncoding = 4; lastKnownFileType = sourcecode.c.h; path = dnet_system.h; sourceTree = "<group>"; };
		385EB83F21D3D64200287D2B /* dnet_xdag.c */ = {isa = PBXFileReference; fileEncoding = 4; lastKnownFileType = sourcecode.c.c; path = dnet_xdag.c; sourceTree = "<group>"; };
		389F043620544EDC003F3084 /* xdag */ = {isa = PBXFileReference; explicitFileType = "compiled.mach-o.executable"; includeInIndex = 0; path = xdag; sourceTree = BUILT_PRODUCTS_DIR; };
		410D8A6B23424F6800C89764 /* librocksdb.a */ = {isa = PBXFileReference; lastKnownFileType = archive.ar; name = librocksdb.a; path = lib/rocksdb/librocksdb.a; sourceTree = "<group>"; };
		410D8A6D23424FAE00C89764 /* rsdb_test.c */ = {isa = PBXFileReference; fileEncoding = 4; lastKnownFileType = sourcecode.c.c; name = rsdb_test.c; path = ../test/rsdb_test.c; sourceTree = "<group>"; };
		410D8A7023424FD700C89764 /* rsdb.h */ = {isa = PBXFileReference; fileEncoding = 4; lastKnownFileType = sourcecode.c.h; path = rsdb.h; sourceTree = "<group>"; wrapsLines = 0; };
		410D8A7223424FD800C89764 /* rsdb.c */ = {isa = PBXFileReference; fileEncoding = 4; lastKnownFileType = sourcecode.c.c; path = rsdb.c; sourceTree = "<group>"; wrapsLines = 0; };
		4173E0B3233E10D600CD330E /* load_block_test.h */ = {isa = PBXFileReference; fileEncoding = 4; lastKnownFileType = sourcecode.c.h; name = load_block_test.h; path = ../test/load_block_test.h; sourceTree = "<group>"; };
		4173E0B4233E10D600CD330E /* load_block_test.c */ = {isa = PBXFileReference; fileEncoding = 4; lastKnownFileType = sourcecode.c.c; name = load_block_test.c; path = ../test/load_block_test.c; sourceTree = "<group>"; };
		418AAFF5213BB3A900E96520 /* libcrypto.a */ = {isa = PBXFileReference; lastKnownFileType = archive.ar; name = libcrypto.a; path = lib/openssl/lib/libcrypto.a; sourceTree = "<group>"; };
		418AAFF7213BB3B300E96520 /* libssl.a */ = {isa = PBXFileReference; lastKnownFileType = archive.ar; name = libssl.a; path = lib/openssl/lib/libssl.a; sourceTree = "<group>"; };
		419D0EAE234F855B007C1911 /* bloom_filter.c */ = {isa = PBXFileReference; fileEncoding = 4; lastKnownFileType = sourcecode.c.c; path = bloom_filter.c; sourceTree = "<group>"; wrapsLines = 0; };
		419D0EAF234F855B007C1911 /* bloom_filter.h */ = {isa = PBXFileReference; fileEncoding = 4; lastKnownFileType = sourcecode.c.h; path = bloom_filter.h; sourceTree = "<group>"; };
		419D0EB2234F94C6007C1911 /* bloom_filter_test.c */ = {isa = PBXFileReference; fileEncoding = 4; lastKnownFileType = sourcecode.c.c; name = bloom_filter_test.c; path = ../test/bloom_filter_test.c; sourceTree = "<group>"; };
		41B5900C235C5BB300D111EF /* libbz2.dylib */ = {isa = PBXFileReference; lastKnownFileType = "compiled.mach-o.dylib"; name = libbz2.dylib; path = lib/rocksdb/libbz2.dylib; sourceTree = "<group>"; };
		41B59010235C5C1A00D111EF /* libsnappy.a */ = {isa = PBXFileReference; lastKnownFileType = archive.ar; name = libsnappy.a; path = lib/rocksdb/libsnappy.a; sourceTree = "<group>"; };
		41B59012235C5CA900D111EF /* liblz4.a */ = {isa = PBXFileReference; lastKnownFileType = archive.ar; name = liblz4.a; path = lib/rocksdb/liblz4.a; sourceTree = "<group>"; };
		41B59014235C5D0A00D111EF /* libc++.1.dylib */ = {isa = PBXFileReference; lastKnownFileType = "compiled.mach-o.dylib"; name = "libc++.1.dylib"; path = "lib/rocksdb/libc++.1.dylib"; sourceTree = "<group>"; };
		41B59017235C5D4300D111EF /* libz.1.dylib */ = {isa = PBXFileReference; lastKnownFileType = "compiled.mach-o.dylib"; name = libz.1.dylib; path = lib/rocksdb/libz.1.dylib; sourceTree = "<group>"; };
		41E00BEC233D003E0031DA53 /* libsecp256k1.a */ = {isa = PBXFileReference; lastKnownFileType = archive.ar; name = libsecp256k1.a; path = lib/secp256k1/lib/libsecp256k1.a; sourceTree = "<group>"; };
		41E00BEE233D056E0031DA53 /* libgmp.a */ = {isa = PBXFileReference; lastKnownFileType = archive.ar; name = libgmp.a; path = lib/gmp/lib/libgmp.a; sourceTree = "<group>"; };
/* End PBXFileReference section */

/* Begin PBXFrameworksBuildPhase section */
		389F043320544EDC003F3084 /* Frameworks */ = {
			isa = PBXFrameworksBuildPhase;
			buildActionMask = 2147483647;
			files = (
				41B59018235C5D4300D111EF /* libz.1.dylib in Frameworks */,
				41B59013235C5CB600D111EF /* liblz4.a in Frameworks */,
				418AAFF8213BB3B300E96520 /* libssl.a in Frameworks */,
				418AAFF6213BB3A900E96520 /* libcrypto.a in Frameworks */,
				41B59015235C5D0A00D111EF /* libc++.1.dylib in Frameworks */,
				410D8A6C23424F7D00C89764 /* librocksdb.a in Frameworks */,
				41B5900D235C5BB300D111EF /* libbz2.dylib in Frameworks */,
				41B59011235C5C2F00D111EF /* libsnappy.a in Frameworks */,
				41E00BEF233D056E0031DA53 /* libgmp.a in Frameworks */,
				41E00BED233D003E0031DA53 /* libsecp256k1.a in Frameworks */,
			);
			runOnlyForDeploymentPostprocessing = 0;
		};
/* End PBXFrameworksBuildPhase section */

/* Begin PBXGroup section */
		385EB7A221D3D64200287D2B /* ldus */ = {
			isa = PBXGroup;
			children = (
				385EB7A321D3D64200287D2B /* atomic.h */,
				385EB7A421D3D64200287D2B /* list.h */,
				385EB7A521D3D64200287D2B /* rbtree.h */,
			);
			name = ldus;
			path = ../ldus;
			sourceTree = "<group>";
		};
		385EB7A621D3D64200287D2B /* client */ = {
			isa = PBXGroup;
			children = (
				419D0EAE234F855B007C1911 /* bloom_filter.c */,
				419D0EAF234F855B007C1911 /* bloom_filter.h */,
				410D8A7223424FD800C89764 /* rsdb.c */,
				410D8A7023424FD700C89764 /* rsdb.h */,
				385EB7A721D3D64200287D2B /* address.c */,
				385EB7A821D3D64200287D2B /* address.h */,
				385EB7A921D3D64200287D2B /* algorithms */,
				385EB7B121D3D64200287D2B /* block.c */,
				385EB7B321D3D64200287D2B /* block.h */,
				385EB7B421D3D64200287D2B /* commands.c */,
				385EB7B521D3D64200287D2B /* commands.h */,
				385EB7B621D3D64200287D2B /* crypt.c */,
				385EB7B721D3D64200287D2B /* crypt.h */,
				385EB7B921D3D64200287D2B /* example.pool.config */,
				385EB7BA21D3D64200287D2B /* global.c */,
				385EB7BB21D3D64200287D2B /* global.h */,
				385EB7BC21D3D64200287D2B /* hash.c */,
				385EB7BD21D3D64200287D2B /* hash.h */,
				385EB7BE21D3D64200287D2B /* http */,
				385EB7C321D3D64200287D2B /* init.c */,
				385EB7C421D3D64200287D2B /* init.h */,
				385EB7C521D3D64200287D2B /* json-rpc */,
				385EB7D421D3D64200287D2B /* main.c */,
				385EB7D621D3D64200287D2B /* math.c */,
				385EB7D721D3D64200287D2B /* math.h */,
				385EB7D821D3D64200287D2B /* memory.c */,
				385EB7D921D3D64200287D2B /* memory.h */,
				385EB7DA21D3D64200287D2B /* miner.c */,
				385EB7DB21D3D64200287D2B /* miner.h */,
				385EB7DC21D3D64200287D2B /* mining_common.c */,
				385EB7DD21D3D64200287D2B /* mining_common.h */,
				385EB7DE21D3D64200287D2B /* netdb-testnet.txt */,
				385EB7DF21D3D64200287D2B /* netdb-white-testnet.txt */,
				385EB7E021D3D64200287D2B /* netdb-white.txt */,
				385EB7E121D3D64200287D2B /* netdb.c */,
				385EB7E221D3D64200287D2B /* netdb.h */,
				385EB7E321D3D64200287D2B /* netdb.txt */,
				385EB7E421D3D64200287D2B /* network.c */,
				385EB7E521D3D64200287D2B /* network.h */,
				385EB7E621D3D64200287D2B /* pool.c */,
				385EB7E721D3D64200287D2B /* pool.h */,
				385EB7E821D3D64200287D2B /* pools-testnet.txt */,
				385EB7E921D3D64200287D2B /* pools.txt */,
				385EB7EA21D3D64200287D2B /* state.h */,
				385EB7F021D3D64200287D2B /* storage.c */,
				385EB7F121D3D64200287D2B /* storage.h */,
				385EB7F221D3D64200287D2B /* sync.c */,
				385EB7F321D3D64200287D2B /* sync.h */,
				385EB7F421D3D64200287D2B /* system.h */,
				385EB7F521D3D64200287D2B /* terminal.c */,
				385EB7F621D3D64200287D2B /* terminal.h */,
				385EB7F721D3D64200287D2B /* time.c */,
				385EB7F821D3D64200287D2B /* time.h */,
				385EB7F921D3D64200287D2B /* transport.c */,
				385EB7FA21D3D64200287D2B /* transport.h */,
				385EB7FB21D3D64200287D2B /* types.h */,
				385EB7FC21D3D64200287D2B /* uthash */,
				385EB7FF21D3D64200287D2B /* utils */,
				385EB81521D3D64200287D2B /* version.h */,
				385EB81621D3D64200287D2B /* wallet.c */,
				385EB81721D3D64200287D2B /* wallet.h */,
				385EB81821D3D64200287D2B /* websocket */,
				385EB82921D3D64200287D2B /* x86_64cpuid-mac.s */,
				385EB82B21D3D64200287D2B /* xdag_config.c */,
				385EB82C21D3D64200287D2B /* xdag_config.h */,
			);
			name = client;
			path = ../client;
			sourceTree = "<group>";
		};
		385EB7A921D3D64200287D2B /* algorithms */ = {
			isa = PBXGroup;
			children = (
				385EB7AA21D3D64200287D2B /* crc.c */,
				385EB7AB21D3D64200287D2B /* crc.h */,
				385EB7AC21D3D64200287D2B /* sha256-mb-x86_64-mac.s */,
				385EB7AE21D3D64200287D2B /* sha256.c */,
				385EB7AF21D3D64200287D2B /* sha256.h */,
			);
			path = algorithms;
			sourceTree = "<group>";
		};
		385EB7BE21D3D64200287D2B /* http */ = {
			isa = PBXGroup;
			children = (
				385EB7BF21D3D64200287D2B /* http.c */,
				385EB7C021D3D64200287D2B /* http.h */,
				385EB7C121D3D64200287D2B /* url.c */,
				385EB7C221D3D64200287D2B /* url.h */,
			);
			path = http;
			sourceTree = "<group>";
		};
		385EB7C521D3D64200287D2B /* json-rpc */ = {
			isa = PBXGroup;
			children = (
				385EB7C621D3D64200287D2B /* cJSON.c */,
				385EB7C721D3D64200287D2B /* cJSON.h */,
				385EB7C821D3D64200287D2B /* cJSON_Utils.c */,
				385EB7C921D3D64200287D2B /* cJSON_Utils.h */,
				385EB7CA21D3D64200287D2B /* rpc_commands.c */,
				385EB7CB21D3D64200287D2B /* rpc_commands.h */,
				385EB7CC21D3D64200287D2B /* rpc_procedure.c */,
				385EB7CD21D3D64200287D2B /* rpc_procedure.h */,
				385EB7CE21D3D64200287D2B /* rpc_procedures.c */,
				385EB7CF21D3D64200287D2B /* rpc_procedures.h */,
				385EB7D021D3D64200287D2B /* rpc_service.c */,
				385EB7D121D3D64200287D2B /* rpc_service.h */,
				385EB7D221D3D64200287D2B /* rpc_wrapper.c */,
				385EB7D321D3D64200287D2B /* rpc_wrapper.h */,
			);
			path = "json-rpc";
			sourceTree = "<group>";
		};
		385EB7FC21D3D64200287D2B /* uthash */ = {
			isa = PBXGroup;
			children = (
				385EB7FD21D3D64200287D2B /* uthash.h */,
				385EB7FE21D3D64200287D2B /* utlist.h */,
			);
			path = uthash;
			sourceTree = "<group>";
		};
		385EB7FF21D3D64200287D2B /* utils */ = {
			isa = PBXGroup;
			children = (
				385EB80021D3D64200287D2B /* atomic.c */,
				385EB80121D3D64200287D2B /* atomic.h */,
				385EB80221D3D64200287D2B /* base64.c */,
				385EB80321D3D64200287D2B /* base64.h */,
				385EB80421D3D64200287D2B /* dirname.c */,
				385EB80521D3D64200287D2B /* dirname.h */,
				385EB80621D3D64200287D2B /* linenoise.c */,
				385EB80721D3D64200287D2B /* linenoise.h */,
				385EB80821D3D64200287D2B /* log.c */,
				385EB80921D3D64200287D2B /* log.h */,
				385EB80A21D3D64200287D2B /* moving_statistics */,
				385EB80D21D3D64200287D2B /* random.c */,
				385EB80E21D3D64200287D2B /* random.h */,
				385EB80F21D3D64200287D2B /* string_utils.c */,
				385EB81021D3D64200287D2B /* string_utils.h */,
				385EB81121D3D64200287D2B /* utils.c */,
				385EB81221D3D64200287D2B /* utils.h */,
				385EB81321D3D64200287D2B /* uuid.c */,
				385EB81421D3D64200287D2B /* uuid.h */,
			);
			path = utils;
			sourceTree = "<group>";
		};
		385EB80A21D3D64200287D2B /* moving_statistics */ = {
			isa = PBXGroup;
			children = (
				385EB80B21D3D64200287D2B /* moving_average.c */,
				385EB80C21D3D64200287D2B /* moving_average.h */,
			);
			path = moving_statistics;
			sourceTree = "<group>";
		};
		385EB81821D3D64200287D2B /* websocket */ = {
			isa = PBXGroup;
			children = (
				385EB81921D3D64200287D2B /* websocket.c */,
				385EB81A21D3D64200287D2B /* websocket.h */,
				385EB81B21D3D64200287D2B /* wslay */,
			);
			path = websocket;
			sourceTree = "<group>";
		};
		385EB81B21D3D64200287D2B /* wslay */ = {
			isa = PBXGroup;
			children = (
				385EB81C21D3D64200287D2B /* config.h */,
				385EB81D21D3D64200287D2B /* wslay.h */,
				385EB81E21D3D64200287D2B /* wslay_event.c */,
				385EB81F21D3D64200287D2B /* wslay_event.h */,
				385EB82021D3D64200287D2B /* wslay_frame.c */,
				385EB82121D3D64200287D2B /* wslay_frame.h */,
				385EB82221D3D64200287D2B /* wslay_net.c */,
				385EB82321D3D64200287D2B /* wslay_net.h */,
				385EB82421D3D64200287D2B /* wslay_queue.c */,
				385EB82521D3D64200287D2B /* wslay_queue.h */,
				385EB82621D3D64200287D2B /* wslay_stack.c */,
				385EB82721D3D64200287D2B /* wslay_stack.h */,
				385EB82821D3D64200287D2B /* wslayver.h */,
			);
			path = wslay;
			sourceTree = "<group>";
		};
		385EB82D21D3D64200287D2B /* dfslib */ = {
			isa = PBXGroup;
			children = (
				385EB82E21D3D64200287D2B /* dfslib_crypt.c */,
				385EB82F21D3D64200287D2B /* dfslib_crypt.h */,
				385EB83021D3D64200287D2B /* dfslib_random.c */,
				385EB83121D3D64200287D2B /* dfslib_random.h */,
				385EB83221D3D64200287D2B /* dfslib_string.c */,
				385EB83321D3D64200287D2B /* dfslib_string.h */,
				385EB83421D3D64200287D2B /* dfslib_types.h */,
				385EB83521D3D64200287D2B /* dfsrsa.c */,
				385EB83621D3D64200287D2B /* dfsrsa.h */,
			);
			name = dfslib;
			path = ../dfslib;
			sourceTree = "<group>";
		};
		385EB83721D3D64200287D2B /* dnet */ = {
			isa = PBXGroup;
			children = (
				385EB83821D3D64200287D2B /* dnet_crypt.c */,
				385EB83921D3D64200287D2B /* dnet_crypt.h */,
				385EB83A21D3D64200287D2B /* dnet_history.h */,
				385EB83B21D3D64200287D2B /* dnet_keys.bin */,
				385EB83C21D3D64200287D2B /* dnet_main.h */,
				385EB83D21D3D64200287D2B /* dnet_packet.h */,
				385EB83E21D3D64200287D2B /* dnet_system.h */,
				385EB83F21D3D64200287D2B /* dnet_xdag.c */,
			);
			name = dnet;
			path = ../dnet;
			sourceTree = "<group>";
		};
		389F042D20544EDC003F3084 = {
			isa = PBXGroup;
			children = (
				4173E0B2233E10C000CD330E /* test */,
				385EB7A621D3D64200287D2B /* client */,
				385EB82D21D3D64200287D2B /* dfslib */,
				385EB83721D3D64200287D2B /* dnet */,
				385EB7A221D3D64200287D2B /* ldus */,
				389F043720544EDC003F3084 /* Products */,
				38A15E9E20545CCE00598EC2 /* Frameworks */,
			);
			sourceTree = "<group>";
		};
		389F043720544EDC003F3084 /* Products */ = {
			isa = PBXGroup;
			children = (
				389F043620544EDC003F3084 /* xdag */,
			);
			name = Products;
			sourceTree = "<group>";
		};
		38A15E9E20545CCE00598EC2 /* Frameworks */ = {
			isa = PBXGroup;
			children = (
				41B59017235C5D4300D111EF /* libz.1.dylib */,
				41B59014235C5D0A00D111EF /* libc++.1.dylib */,
				41B59012235C5CA900D111EF /* liblz4.a */,
				41B59010235C5C1A00D111EF /* libsnappy.a */,
				41B5900C235C5BB300D111EF /* libbz2.dylib */,
				410D8A6B23424F6800C89764 /* librocksdb.a */,
				41E00BEE233D056E0031DA53 /* libgmp.a */,
				41E00BEC233D003E0031DA53 /* libsecp256k1.a */,
				418AAFF7213BB3B300E96520 /* libssl.a */,
				418AAFF5213BB3A900E96520 /* libcrypto.a */,
			);
			name = Frameworks;
			sourceTree = "<group>";
		};
		4173E0B2233E10C000CD330E /* test */ = {
			isa = PBXGroup;
			children = (
				419D0EB2234F94C6007C1911 /* bloom_filter_test.c */,
				410D8A6D23424FAE00C89764 /* rsdb_test.c */,
				4173E0B4233E10D600CD330E /* load_block_test.c */,
				4173E0B3233E10D600CD330E /* load_block_test.h */,
			);
			name = test;
			sourceTree = "<group>";
		};
/* End PBXGroup section */

/* Begin PBXNativeTarget section */
		389F043520544EDC003F3084 /* xdag */ = {
			isa = PBXNativeTarget;
			buildConfigurationList = 389F043D20544EDC003F3084 /* Build configuration list for PBXNativeTarget "xdag" */;
			buildPhases = (
				389F043220544EDC003F3084 /* Sources */,
				389F043320544EDC003F3084 /* Frameworks */,
				389F043420544EDC003F3084 /* CopyFiles */,
				384A29E02062194F00DD9D3B /* Resources */,
				41B5900F235C5BB300D111EF /* Embed Libraries */,
			);
			buildRules = (
			);
			dependencies = (
			);
			name = xdag;
			productName = xdag;
			productReference = 389F043620544EDC003F3084 /* xdag */;
			productType = "com.apple.product-type.tool";
		};
/* End PBXNativeTarget section */

/* Begin PBXProject section */
		389F042E20544EDC003F3084 /* Project object */ = {
			isa = PBXProject;
			attributes = {
				KnownAssetTags = (
					New,
				);
				LastUpgradeCheck = 0920;
				ORGANIZATIONNAME = xrdavies;
				TargetAttributes = {
					389F043520544EDC003F3084 = {
						CreatedOnToolsVersion = 9.2;
						ProvisioningStyle = Automatic;
					};
				};
			};
			buildConfigurationList = 389F043120544EDC003F3084 /* Build configuration list for PBXProject "xdag" */;
			compatibilityVersion = "Xcode 8.0";
			developmentRegion = en;
			hasScannedForEncodings = 0;
			knownRegions = (
				en,
			);
			mainGroup = 389F042D20544EDC003F3084;
			productRefGroup = 389F043720544EDC003F3084 /* Products */;
			projectDirPath = "";
			projectRoot = "";
			targets = (
				389F043520544EDC003F3084 /* xdag */,
			);
		};
/* End PBXProject section */

/* Begin PBXResourcesBuildPhase section */
		384A29E02062194F00DD9D3B /* Resources */ = {
			isa = PBXResourcesBuildPhase;
			buildActionMask = 2147483647;
			files = (
				385EB88B21D3D76100287D2B /* dnet_keys.bin in Resources */,
				385EB86721D3D64200287D2B /* pools-testnet.txt in Resources */,
				385EB86221D3D64200287D2B /* netdb-white.txt in Resources */,
				385EB86421D3D64200287D2B /* netdb.txt in Resources */,
				385EB86021D3D64200287D2B /* netdb-testnet.txt in Resources */,
				385EB86121D3D64200287D2B /* netdb-white-testnet.txt in Resources */,
				385EB86821D3D64200287D2B /* pools.txt in Resources */,
				385EB84D21D3D64200287D2B /* example.pool.config in Resources */,
			);
			runOnlyForDeploymentPostprocessing = 0;
		};
/* End PBXResourcesBuildPhase section */

/* Begin PBXSourcesBuildPhase section */
		389F043220544EDC003F3084 /* Sources */ = {
			isa = PBXSourcesBuildPhase;
			buildActionMask = 2147483647;
			files = (
				385EB84F21D3D64200287D2B /* hash.c in Sources */,
				385EB86A21D3D64200287D2B /* storage.c in Sources */,
				385EB85521D3D64200287D2B /* rpc_commands.c in Sources */,
				385EB87921D3D64200287D2B /* wallet.c in Sources */,
				385EB84821D3D64200287D2B /* block.c in Sources */,
				385EB86B21D3D64200287D2B /* sync.c in Sources */,
				385EB87B21D3D64200287D2B /* wslay_event.c in Sources */,
				385EB84A21D3D64200287D2B /* commands.c in Sources */,
				385EB86C21D3D64200287D2B /* terminal.c in Sources */,
				385EB88921D3D64200287D2B /* dnet_xdag.c in Sources */,
				385EB88521D3D64200287D2B /* dfslib_string.c in Sources */,
				385EB87E21D3D64200287D2B /* wslay_queue.c in Sources */,
				385EB84621D3D64200287D2B /* sha256.c in Sources */,
				385EB88321D3D64200287D2B /* dfslib_crypt.c in Sources */,
				41B5900B235C57C000D111EF /* main.c in Sources */,
				385EB88021D3D64200287D2B /* x86_64cpuid-mac.s in Sources */,
				385EB86521D3D64200287D2B /* network.c in Sources */,
				385EB85921D3D64200287D2B /* rpc_wrapper.c in Sources */,
				385EB87221D3D64200287D2B /* linenoise.c in Sources */,
				385EB87521D3D64200287D2B /* random.c in Sources */,
				385EB85121D3D64200287D2B /* url.c in Sources */,
				385EB87D21D3D64200287D2B /* wslay_net.c in Sources */,
				385EB86321D3D64200287D2B /* netdb.c in Sources */,
				385EB84B21D3D64200287D2B /* crypt.c in Sources */,
				385EB85721D3D64200287D2B /* rpc_procedures.c in Sources */,
				385EB84E21D3D64200287D2B /* global.c in Sources */,
				385EB85D21D3D64200287D2B /* memory.c in Sources */,
				385EB85C21D3D64200287D2B /* math.c in Sources */,
				385EB88421D3D64200287D2B /* dfslib_random.c in Sources */,
				385EB86621D3D64200287D2B /* pool.c in Sources */,
				385EB87721D3D64200287D2B /* utils.c in Sources */,
				385EB87121D3D64200287D2B /* dirname.c in Sources */,
				385EB87621D3D64200287D2B /* string_utils.c in Sources */,
				385EB85E21D3D64200287D2B /* miner.c in Sources */,
				385EB84421D3D64200287D2B /* sha256-mb-x86_64-mac.s in Sources */,
				385EB86F21D3D64200287D2B /* atomic.c in Sources */,
				385EB85221D3D64200287D2B /* init.c in Sources */,
				385EB87A21D3D64200287D2B /* websocket.c in Sources */,
				385EB88721D3D64200287D2B /* dnet_crypt.c in Sources */,
				385EB87821D3D64200287D2B /* uuid.c in Sources */,
				385EB84321D3D64200287D2B /* crc.c in Sources */,
				385EB87C21D3D64200287D2B /* wslay_frame.c in Sources */,
				385EB85021D3D64200287D2B /* http.c in Sources */,
				4198C18F234DBE8100B5C2F4 /* rsdb.c in Sources */,
				385EB84221D3D64200287D2B /* address.c in Sources */,
				385EB85F21D3D64200287D2B /* mining_common.c in Sources */,
				385EB87021D3D64200287D2B /* base64.c in Sources */,
				385EB87F21D3D64200287D2B /* wslay_stack.c in Sources */,
				385EB85821D3D64200287D2B /* rpc_service.c in Sources */,
				385EB88621D3D64200287D2B /* dfsrsa.c in Sources */,
				385EB87421D3D64200287D2B /* moving_average.c in Sources */,
				385EB86E21D3D64200287D2B /* transport.c in Sources */,
				385EB86D21D3D64200287D2B /* time.c in Sources */,
				385EB85621D3D64200287D2B /* rpc_procedure.c in Sources */,
				385EB85321D3D64200287D2B /* cJSON.c in Sources */,
				385EB85421D3D64200287D2B /* cJSON_Utils.c in Sources */,
				385EB88221D3D64200287D2B /* xdag_config.c in Sources */,
				385EB87321D3D64200287D2B /* log.c in Sources */,
			);
			runOnlyForDeploymentPostprocessing = 0;
		};
/* End PBXSourcesBuildPhase section */

/* Begin XCBuildConfiguration section */
		389F043B20544EDC003F3084 /* Debug */ = {
			isa = XCBuildConfiguration;
			buildSettings = {
				ALWAYS_SEARCH_USER_PATHS = NO;
				CLANG_ANALYZER_NONNULL = YES;
				CLANG_ANALYZER_NUMBER_OBJECT_CONVERSION = YES_AGGRESSIVE;
				CLANG_CXX_LANGUAGE_STANDARD = "gnu++14";
				CLANG_CXX_LIBRARY = "libc++";
				CLANG_ENABLE_MODULES = YES;
				CLANG_ENABLE_OBJC_ARC = YES;
				CLANG_WARN_BLOCK_CAPTURE_AUTORELEASING = YES;
				CLANG_WARN_BOOL_CONVERSION = YES;
				CLANG_WARN_COMMA = YES;
				CLANG_WARN_CONSTANT_CONVERSION = YES;
				CLANG_WARN_DIRECT_OBJC_ISA_USAGE = YES_ERROR;
				CLANG_WARN_DOCUMENTATION_COMMENTS = YES;
				CLANG_WARN_EMPTY_BODY = YES;
				CLANG_WARN_ENUM_CONVERSION = YES;
				CLANG_WARN_INFINITE_RECURSION = YES;
				CLANG_WARN_INT_CONVERSION = YES;
				CLANG_WARN_NON_LITERAL_NULL_CONVERSION = YES;
				CLANG_WARN_OBJC_LITERAL_CONVERSION = YES;
				CLANG_WARN_OBJC_ROOT_CLASS = YES_ERROR;
				CLANG_WARN_RANGE_LOOP_ANALYSIS = YES;
				CLANG_WARN_STRICT_PROTOTYPES = YES;
				CLANG_WARN_SUSPICIOUS_MOVE = YES;
				CLANG_WARN_UNGUARDED_AVAILABILITY = YES_AGGRESSIVE;
				CLANG_WARN_UNREACHABLE_CODE = YES;
				CLANG_WARN__DUPLICATE_METHOD_MATCH = YES;
				CODE_SIGN_IDENTITY = "-";
				COPY_PHASE_STRIP = NO;
				DEBUG_INFORMATION_FORMAT = dwarf;
				ENABLE_STRICT_OBJC_MSGSEND = YES;
				ENABLE_TESTABILITY = YES;
				GCC_C_LANGUAGE_STANDARD = gnu11;
				GCC_DYNAMIC_NO_PIC = NO;
				GCC_NO_COMMON_BLOCKS = YES;
				GCC_OPTIMIZATION_LEVEL = 0;
				GCC_PREPROCESSOR_DEFINITIONS = (
					"DEBUG=1",
					"$(inherited)",
				);
				GCC_WARN_64_TO_32_BIT_CONVERSION = YES;
				GCC_WARN_ABOUT_RETURN_TYPE = YES_ERROR;
				GCC_WARN_UNDECLARED_SELECTOR = YES;
				GCC_WARN_UNINITIALIZED_AUTOS = YES_AGGRESSIVE;
				GCC_WARN_UNUSED_FUNCTION = YES;
				GCC_WARN_UNUSED_VARIABLE = YES;
				MACOSX_DEPLOYMENT_TARGET = 10.13;
				MTL_ENABLE_DEBUG_INFO = YES;
				ONLY_ACTIVE_ARCH = YES;
				SDKROOT = macosx;
			};
			name = Debug;
		};
		389F043C20544EDC003F3084 /* Release */ = {
			isa = XCBuildConfiguration;
			buildSettings = {
				ALWAYS_SEARCH_USER_PATHS = NO;
				CLANG_ANALYZER_NONNULL = YES;
				CLANG_ANALYZER_NUMBER_OBJECT_CONVERSION = YES_AGGRESSIVE;
				CLANG_CXX_LANGUAGE_STANDARD = "gnu++14";
				CLANG_CXX_LIBRARY = "libc++";
				CLANG_ENABLE_MODULES = YES;
				CLANG_ENABLE_OBJC_ARC = YES;
				CLANG_WARN_BLOCK_CAPTURE_AUTORELEASING = YES;
				CLANG_WARN_BOOL_CONVERSION = YES;
				CLANG_WARN_COMMA = YES;
				CLANG_WARN_CONSTANT_CONVERSION = YES;
				CLANG_WARN_DIRECT_OBJC_ISA_USAGE = YES_ERROR;
				CLANG_WARN_DOCUMENTATION_COMMENTS = YES;
				CLANG_WARN_EMPTY_BODY = YES;
				CLANG_WARN_ENUM_CONVERSION = YES;
				CLANG_WARN_INFINITE_RECURSION = YES;
				CLANG_WARN_INT_CONVERSION = YES;
				CLANG_WARN_NON_LITERAL_NULL_CONVERSION = YES;
				CLANG_WARN_OBJC_LITERAL_CONVERSION = YES;
				CLANG_WARN_OBJC_ROOT_CLASS = YES_ERROR;
				CLANG_WARN_RANGE_LOOP_ANALYSIS = YES;
				CLANG_WARN_STRICT_PROTOTYPES = YES;
				CLANG_WARN_SUSPICIOUS_MOVE = YES;
				CLANG_WARN_UNGUARDED_AVAILABILITY = YES_AGGRESSIVE;
				CLANG_WARN_UNREACHABLE_CODE = YES;
				CLANG_WARN__DUPLICATE_METHOD_MATCH = YES;
				CODE_SIGN_IDENTITY = "-";
				COPY_PHASE_STRIP = NO;
				DEBUG_INFORMATION_FORMAT = "dwarf-with-dsym";
				ENABLE_NS_ASSERTIONS = NO;
				ENABLE_STRICT_OBJC_MSGSEND = YES;
				GCC_C_LANGUAGE_STANDARD = gnu11;
				GCC_NO_COMMON_BLOCKS = YES;
				GCC_WARN_64_TO_32_BIT_CONVERSION = YES;
				GCC_WARN_ABOUT_RETURN_TYPE = YES_ERROR;
				GCC_WARN_UNDECLARED_SELECTOR = YES;
				GCC_WARN_UNINITIALIZED_AUTOS = YES_AGGRESSIVE;
				GCC_WARN_UNUSED_FUNCTION = YES;
				GCC_WARN_UNUSED_VARIABLE = YES;
				MACOSX_DEPLOYMENT_TARGET = 10.13;
				MTL_ENABLE_DEBUG_INFO = NO;
				SDKROOT = macosx;
			};
			name = Release;
		};
		389F043E20544EDC003F3084 /* Debug */ = {
			isa = XCBuildConfiguration;
			buildSettings = {
				ARCHS = "$(ARCHS_STANDARD)";
				CLANG_CXX_LANGUAGE_STANDARD = "gnu++0x";
				CLANG_ENABLE_OBJC_ARC = YES;
				CODE_SIGN_STYLE = Automatic;
				GCC_C_LANGUAGE_STANDARD = gnu11;
				GCC_OPTIMIZATION_LEVEL = 0;
				GCC_PREPROCESSOR_DEFINITIONS = (
					"DEBUG=1",
					__MACOS__,
					SHA256_USE_OPENSSL_TXFM,
					SHA256_OPENSSL_MBLOCK,
					DFSTOOLS,
				);
				GCC_THREADSAFE_STATICS = YES;
				GCC_TREAT_IMPLICIT_FUNCTION_DECLARATIONS_AS_ERRORS = YES;
				GCC_WARN_ABOUT_MISSING_PROTOTYPES = YES;
				GCC_WARN_UNUSED_PARAMETER = YES;
				HEADER_SEARCH_PATHS = (
					/usr/local/opt/openssl/include,
					/usr/local/opt/gmp/include,
					/usr/local/include,
				);
				LIBRARY_SEARCH_PATHS = (
					"$(inherited)",
					"$(PROJECT_DIR)/lib/openssl/lib",
					"$(PROJECT_DIR)/lib/secp256k1/lib",
					"$(PROJECT_DIR)/lib/gmp/lib",
					"$(PROJECT_DIR)/lib/rocksdb",
				);
				OTHER_CFLAGS = "";
				PRODUCT_NAME = "$(TARGET_NAME)";
				STRINGS_FILE_OUTPUT_ENCODING = "UTF-8";
				SYSTEM_FRAMEWORK_SEARCH_PATHS = "";
				SYSTEM_HEADER_SEARCH_PATHS = /usr/local/opt/openssl/include;
			};
			name = Debug;
		};
		389F043F20544EDC003F3084 /* Release */ = {
			isa = XCBuildConfiguration;
			buildSettings = {
				ARCHS = "$(ARCHS_STANDARD)";
				CLANG_CXX_LANGUAGE_STANDARD = "gnu++0x";
				CLANG_ENABLE_OBJC_ARC = YES;
				CODE_SIGN_STYLE = Automatic;
				GCC_C_LANGUAGE_STANDARD = gnu11;
				GCC_OPTIMIZATION_LEVEL = 3;
				GCC_PREPROCESSOR_DEFINITIONS = (
					__MACOS__,
					SHA256_USE_OPENSSL_TXFM,
					SHA256_OPENSSL_MBLOCK,
					DFSTOOLS,
					NDEBUG,
				);
				GCC_THREADSAFE_STATICS = YES;
				GCC_TREAT_IMPLICIT_FUNCTION_DECLARATIONS_AS_ERRORS = YES;
				GCC_WARN_ABOUT_MISSING_PROTOTYPES = YES;
				GCC_WARN_UNUSED_PARAMETER = YES;
				HEADER_SEARCH_PATHS = (
					/usr/local/opt/openssl/include,
					/usr/local/opt/gmp/include,
					/usr/local/include,
				);
				LIBRARY_SEARCH_PATHS = (
					"$(inherited)",
					"$(PROJECT_DIR)/lib/openssl/lib",
					"$(PROJECT_DIR)/lib/secp256k1/lib",
					"$(PROJECT_DIR)/lib/gmp/lib",
					"$(PROJECT_DIR)/lib/rocksdb",
				);
				OTHER_CFLAGS = "";
				PRODUCT_NAME = "$(TARGET_NAME)";
				STRINGS_FILE_OUTPUT_ENCODING = "UTF-8";
				SYSTEM_FRAMEWORK_SEARCH_PATHS = "";
				SYSTEM_HEADER_SEARCH_PATHS = /usr/local/opt/openssl/include;
			};
			name = Release;
		};
/* End XCBuildConfiguration section */

/* Begin XCConfigurationList section */
		389F043120544EDC003F3084 /* Build configuration list for PBXProject "xdag" */ = {
			isa = XCConfigurationList;
			buildConfigurations = (
				389F043B20544EDC003F3084 /* Debug */,
				389F043C20544EDC003F3084 /* Release */,
			);
			defaultConfigurationIsVisible = 0;
			defaultConfigurationName = Release;
		};
		389F043D20544EDC003F3084 /* Build configuration list for PBXNativeTarget "xdag" */ = {
			isa = XCConfigurationList;
			buildConfigurations = (
				389F043E20544EDC003F3084 /* Debug */,
				389F043F20544EDC003F3084 /* Release */,
			);
			defaultConfigurationIsVisible = 0;
			defaultConfigurationName = Release;
		};
/* End XCConfigurationList section */
	};
	rootObject = 389F042E20544EDC003F3084 /* Project object */;
}
