<?xml version="1.0" encoding="utf-8"?>
<Project ToolsVersion="4.0" xmlns="http://schemas.microsoft.com/developer/msbuild/2003">
  <ItemGroup>
    <Filter Include="client">
      <UniqueIdentifier>{10179684-3a40-406c-9c37-dddf0b26ec91}</UniqueIdentifier>
    </Filter>
    <Filter Include="client\pool_lists">
      <UniqueIdentifier>{5a25f905-9170-4649-9b92-13a0af95e443}</UniqueIdentifier>
    </Filter>
    <Filter Include="dnet">
      <UniqueIdentifier>{e0600286-cd86-4e15-bb59-cac50d0783ec}</UniqueIdentifier>
    </Filter>
    <Filter Include="dus">
      <UniqueIdentifier>{364450b2-14bf-4cc2-a8d3-316803397e70}</UniqueIdentifier>
    </Filter>
    <Filter Include="dus\dar">
      <UniqueIdentifier>{a54ad6cc-691f-4342-bef1-4b750923a6f5}</UniqueIdentifier>
    </Filter>
    <Filter Include="dus\dfstools">
      <UniqueIdentifier>{cb67198a-32c9-4543-ae65-3172502cfe0d}</UniqueIdentifier>
    </Filter>
    <Filter Include="ldus">
      <UniqueIdentifier>{04712346-68d9-489e-bed5-55f01b7c989a}</UniqueIdentifier>
    </Filter>
    <Filter Include="win">
      <UniqueIdentifier>{47adef7f-ecc8-4626-8136-5bc0e6fe234e}</UniqueIdentifier>
    </Filter>
    <Filter Include="win\arpa">
      <UniqueIdentifier>{eb3a2018-f72a-47d7-bbed-b503882ba44e}</UniqueIdentifier>
    </Filter>
    <Filter Include="win\netinet">
      <UniqueIdentifier>{08f4aff6-4a23-40f2-9ade-79cd3dc84d92}</UniqueIdentifier>
    </Filter>
    <Filter Include="win\sys">
      <UniqueIdentifier>{874b2b63-f358-4dea-b109-a761875c2512}</UniqueIdentifier>
    </Filter>
    <Filter Include="utils">
      <UniqueIdentifier>{71f09615-b936-42fb-b99c-61c593b206be}</UniqueIdentifier>
    </Filter>
  </ItemGroup>
  <ItemGroup>
    <ClCompile Include="..\..\client\address.c">
      <Filter>client</Filter>
    </ClCompile>
    <ClCompile Include="..\..\client\block.c">
      <Filter>client</Filter>
    </ClCompile>
    <ClCompile Include="..\..\client\commands.c">
      <Filter>client</Filter>
    </ClCompile>
    <ClCompile Include="..\..\client\crypt.c">
      <Filter>client</Filter>
    </ClCompile>
    <ClCompile Include="..\..\client\hash.c">
      <Filter>client</Filter>
    </ClCompile>
    <ClCompile Include="..\..\client\log.c">
      <Filter>client</Filter>
    </ClCompile>
    <ClCompile Include="..\..\client\memory.c">
      <Filter>client</Filter>
    </ClCompile>
    <ClCompile Include="..\..\client\netdb.c">
      <Filter>client</Filter>
    </ClCompile>
    <ClCompile Include="..\..\client\pool.c">
      <Filter>client</Filter>
    </ClCompile>
    <ClCompile Include="..\..\client\sha256.c">
      <Filter>client</Filter>
    </ClCompile>
    <ClCompile Include="..\..\client\storage.c">
      <Filter>client</Filter>
    </ClCompile>
    <ClCompile Include="..\..\client\sync.c">
      <Filter>client</Filter>
    </ClCompile>
    <ClCompile Include="..\..\client\terminal.c">
      <Filter>client</Filter>
    </ClCompile>
    <ClCompile Include="..\..\client\transport.c">
      <Filter>client</Filter>
    </ClCompile>
    <ClCompile Include="..\..\client\wallet.c">
      <Filter>client</Filter>
    </ClCompile>
    <ClCompile Include="..\..\dnet\dnet_command.c">
      <Filter>dnet</Filter>
    </ClCompile>
    <ClCompile Include="..\..\dnet\dnet_connection.c">
      <Filter>dnet</Filter>
    </ClCompile>
    <ClCompile Include="..\..\dnet\dnet_crypt.c">
      <Filter>dnet</Filter>
    </ClCompile>
    <ClCompile Include="..\..\dnet\dnet_database.c">
      <Filter>dnet</Filter>
    </ClCompile>
    <ClCompile Include="..\..\dnet\dnet_files.c">
      <Filter>dnet</Filter>
    </ClCompile>
    <ClCompile Include="..\..\dnet\dnet_log.c">
      <Filter>dnet</Filter>
    </ClCompile>
    <ClCompile Include="..\..\dnet\dnet_main.c">
      <Filter>dnet</Filter>
    </ClCompile>
    <ClCompile Include="..\..\dnet\dnet_packet.c">
      <Filter>dnet</Filter>
    </ClCompile>
    <ClCompile Include="..\..\dnet\dnet_stream.c">
      <Filter>dnet</Filter>
    </ClCompile>
    <ClCompile Include="..\..\dnet\dnet_tap.c">
      <Filter>dnet</Filter>
    </ClCompile>
    <ClCompile Include="..\..\dnet\dnet_threads.c">
      <Filter>dnet</Filter>
    </ClCompile>
    <ClCompile Include="..\..\dus\programs\dar\source\lib\crc_c.c">
      <Filter>dus\dar</Filter>
    </ClCompile>
    <ClCompile Include="..\..\dus\programs\dfstools\source\dfslib\dfslib_crypt.c">
      <Filter>dus\dfstools</Filter>
    </ClCompile>
    <ClCompile Include="..\..\dus\programs\dfstools\source\dfslib\dfslib_random.c">
      <Filter>dus\dfstools</Filter>
    </ClCompile>
    <ClCompile Include="..\..\dus\programs\dfstools\source\dfslib\dfslib_string.c">
      <Filter>dus\dfstools</Filter>
    </ClCompile>
    <ClCompile Include="..\..\dus\programs\dfstools\source\lib\dfsrsa.c">
      <Filter>dus\dfstools</Filter>
    </ClCompile>
    <ClCompile Include="..\system.c">
      <Filter>win</Filter>
    </ClCompile>
    <ClCompile Include="..\..\client\init.c">
      <Filter>client</Filter>
    </ClCompile>
    <ClCompile Include="..\..\utils\utils.c">
      <Filter>utils</Filter>
    </ClCompile>
  </ItemGroup>
  <ItemGroup>
    <ClInclude Include="..\..\client\address.h">
      <Filter>client</Filter>
    </ClInclude>
    <ClInclude Include="..\..\client\block.h">
      <Filter>client</Filter>
    </ClInclude>
    <ClInclude Include="..\..\client\commands.h">
      <Filter>client</Filter>
    </ClInclude>
    <ClInclude Include="..\..\client\crypt.h">
      <Filter>client</Filter>
    </ClInclude>
    <ClInclude Include="..\..\client\hash.h">
      <Filter>client</Filter>
    </ClInclude>
    <ClInclude Include="..\..\client\log.h">
      <Filter>client</Filter>
    </ClInclude>
    <ClInclude Include="..\..\client\memory.h">
      <Filter>client</Filter>
    </ClInclude>
    <ClInclude Include="..\..\client\netdb.h">
      <Filter>client</Filter>
    </ClInclude>
    <ClInclude Include="..\..\client\pool.h">
      <Filter>client</Filter>
    </ClInclude>
    <ClInclude Include="..\..\client\sha256.h">
      <Filter>client</Filter>
    </ClInclude>
    <ClInclude Include="..\..\client\state.h">
      <Filter>client</Filter>
    </ClInclude>
    <ClInclude Include="..\..\client\storage.h">
      <Filter>client</Filter>
    </ClInclude>
    <ClInclude Include="..\..\client\sync.h">
      <Filter>client</Filter>
    </ClInclude>
    <ClInclude Include="..\..\client\system.h">
      <Filter>client</Filter>
    </ClInclude>
    <ClInclude Include="..\..\client\terminal.h">
      <Filter>client</Filter>
    </ClInclude>
    <ClInclude Include="..\..\client\transport.h">
      <Filter>client</Filter>
    </ClInclude>
    <ClInclude Include="..\..\client\version.h">
      <Filter>client</Filter>
    </ClInclude>
    <ClInclude Include="..\..\client\wallet.h">
      <Filter>client</Filter>
    </ClInclude>
    <ClInclude Include="..\..\dnet\dnet_command.h">
      <Filter>dnet</Filter>
    </ClInclude>
    <ClInclude Include="..\..\dnet\dnet_connection.h">
      <Filter>dnet</Filter>
    </ClInclude>
    <ClInclude Include="..\..\dnet\dnet_crypt.h">
      <Filter>dnet</Filter>
    </ClInclude>
    <ClInclude Include="..\..\dnet\dnet_database.h">
      <Filter>dnet</Filter>
    </ClInclude>
    <ClInclude Include="..\..\dnet\dnet_files.h">
      <Filter>dnet</Filter>
    </ClInclude>
    <ClInclude Include="..\..\dnet\dnet_history.h">
      <Filter>dnet</Filter>
    </ClInclude>
    <ClInclude Include="..\..\dnet\dnet_log.h">
      <Filter>dnet</Filter>
    </ClInclude>
    <ClInclude Include="..\..\dnet\dnet_main.h">
      <Filter>dnet</Filter>
    </ClInclude>
    <ClInclude Include="..\..\dnet\dnet_packet.h">
      <Filter>dnet</Filter>
    </ClInclude>
    <ClInclude Include="..\..\dnet\dnet_stream.h">
      <Filter>dnet</Filter>
    </ClInclude>
    <ClInclude Include="..\..\dnet\dnet_tap.h">
      <Filter>dnet</Filter>
    </ClInclude>
    <ClInclude Include="..\..\dnet\dnet_threads.h">
      <Filter>dnet</Filter>
    </ClInclude>
    <ClInclude Include="..\..\dnet\dthread.h">
      <Filter>dnet</Filter>
    </ClInclude>
    <ClInclude Include="..\..\dnet\system.h">
      <Filter>dnet</Filter>
    </ClInclude>
    <ClInclude Include="..\..\dus\programs\dar\source\include\crc.h">
      <Filter>dus\dar</Filter>
    </ClInclude>
    <ClInclude Include="..\..\dus\programs\dfstools\source\dfslib\dfslib_crypt.h">
      <Filter>dus\dfstools</Filter>
    </ClInclude>
    <ClInclude Include="..\..\dus\programs\dfstools\source\dfslib\dfslib_random.h">
      <Filter>dus\dfstools</Filter>
    </ClInclude>
    <ClInclude Include="..\..\dus\programs\dfstools\source\dfslib\dfslib_string.h">
      <Filter>dus\dfstools</Filter>
    </ClInclude>
    <ClInclude Include="..\..\dus\programs\dfstools\source\dfslib\dfslib_types.h">
      <Filter>dus\dfstools</Filter>
    </ClInclude>
    <ClInclude Include="..\..\dus\programs\dfstools\source\include\dfsrsa.h">
      <Filter>dus\dfstools</Filter>
    </ClInclude>
    <ClInclude Include="..\..\ldus\source\include\ldus\atomic.h">
      <Filter>ldus</Filter>
    </ClInclude>
    <ClInclude Include="..\..\ldus\source\include\ldus\list.h">
      <Filter>ldus</Filter>
    </ClInclude>
    <ClInclude Include="..\..\ldus\source\include\ldus\rbtree.h">
      <Filter>ldus</Filter>
    </ClInclude>
    <ClInclude Include="..\netdb.h">
      <Filter>win</Filter>
    </ClInclude>
    <ClInclude Include="..\termios.h">
      <Filter>win</Filter>
    </ClInclude>
    <ClInclude Include="..\unistd.h">
      <Filter>win</Filter>
    </ClInclude>
    <ClInclude Include="..\arpa\inet.h">
      <Filter>win\arpa</Filter>
    </ClInclude>
    <ClInclude Include="..\netinet\in.h">
      <Filter>win\netinet</Filter>
    </ClInclude>
    <ClInclude Include="..\sys\ioctl.h">
      <Filter>win\sys</Filter>
    </ClInclude>
    <ClInclude Include="..\sys\resource.h">
      <Filter>win\sys</Filter>
    </ClInclude>
    <ClInclude Include="..\sys\socket.h">
      <Filter>win\sys</Filter>
    </ClInclude>
    <ClInclude Include="..\sys\time.h">
      <Filter>win\sys</Filter>
    </ClInclude>
    <ClInclude Include="..\..\client\init.h">
      <Filter>client</Filter>
    </ClInclude>
    <ClInclude Include="..\..\utils\utils.h">
      <Filter>utils</Filter>
    </ClInclude>
  </ItemGroup>
  <ItemGroup>
    <Text Include="..\..\client\netdb-testnet.txt">
      <Filter>client\pool_lists</Filter>
    </Text>
    <Text Include="..\..\client\netdb-white-testnet.txt">
      <Filter>client\pool_lists</Filter>
    </Text>
    <Text Include="..\..\client\netdb-white.txt">
      <Filter>client\pool_lists</Filter>
    </Text>
    <Text Include="..\..\client\netdb.txt">
      <Filter>client\pool_lists</Filter>
    </Text>
  </ItemGroup>
</Project>