<?xml version="1.0" encoding="utf-8"?>
<Project ToolsVersion="4.0" xmlns="http://schemas.microsoft.com/developer/msbuild/2003">
  <ItemGroup>
    <ClCompile Include="xdagwallet.cpp" />
    <ClCompile Include="xdagwalletDlg.cpp" />
    <ClCompile Include="..\..\client\address.c">
      <Filter>client</Filter>
    </ClCompile>
    <ClCompile Include="..\..\client\block.c">
      <Filter>client</Filter>
    </ClCompile>
    <ClCompile Include="..\..\client\crypt.c">
      <Filter>client</Filter>
    </ClCompile>
    <ClCompile Include="..\..\dnet\dnet_crypt.c">
      <Filter>dnet</Filter>
    </ClCompile>
    <ClCompile Include="..\..\dnet\dnet_database.c">
      <Filter>dnet</Filter>
    </ClCompile>
    <ClCompile Include="..\..\dnet\dnet_files.c">
      <Filter>dnet</Filter>
    </ClCompile>
    <ClCompile Include="..\..\dnet\dnet_log.c">
      <Filter>dnet</Filter>
    </ClCompile>
    <ClCompile Include="..\..\dnet\dnet_main.c">
      <Filter>dnet</Filter>
    </ClCompile>
    <ClCompile Include="..\..\dnet\dnet_packet.c">
      <Filter>dnet</Filter>
    </ClCompile>
    <ClCompile Include="..\..\dnet\dnet_stream.c">
      <Filter>dnet</Filter>
    </ClCompile>
    <ClCompile Include="..\..\dnet\dnet_tap.c">
      <Filter>dnet</Filter>
    </ClCompile>
    <ClCompile Include="..\..\dnet\dnet_threads.c">
      <Filter>dnet</Filter>
    </ClCompile>
    <ClCompile Include="..\..\dus\programs\dar\source\lib\crc_c.c">
      <Filter>dus\dar</Filter>
    </ClCompile>
    <ClCompile Include="..\..\dus\programs\dfstools\source\dfslib\dfslib_crypt.c">
      <Filter>dus\dfstools</Filter>
    </ClCompile>
    <ClCompile Include="..\..\dus\programs\dfstools\source\dfslib\dfslib_random.c">
      <Filter>dus\dfstools</Filter>
    </ClCompile>
    <ClCompile Include="..\..\dus\programs\dfstools\source\dfslib\dfslib_string.c">
      <Filter>dus\dfstools</Filter>
    </ClCompile>
    <ClCompile Include="..\..\dus\programs\dfstools\source\lib\dfsrsa.c">
      <Filter>dus\dfstools</Filter>
    </ClCompile>
    <ClCompile Include="..\..\dnet\dnet_command.c">
      <Filter>dnet</Filter>
    </ClCompile>
    <ClCompile Include="..\..\dnet\dnet_connection.c">
      <Filter>dnet</Filter>
    </ClCompile>
    <ClCompile Include="..\..\client\hash.c">
      <Filter>client</Filter>
    </ClCompile>
    <ClCompile Include="..\..\client\log.c">
      <Filter>client</Filter>
    </ClCompile>
    <ClCompile Include="..\..\client\main.c">
      <Filter>client</Filter>
    </ClCompile>
    <ClCompile Include="..\..\client\memory.c">
      <Filter>client</Filter>
    </ClCompile>
    <ClCompile Include="..\..\client\netdb.c">
      <Filter>client</Filter>
    </ClCompile>
    <ClCompile Include="..\..\client\pool.c">
      <Filter>client</Filter>
    </ClCompile>
    <ClCompile Include="..\..\client\sha256.c">
      <Filter>client</Filter>
    </ClCompile>
    <ClCompile Include="..\..\client\storage.c">
      <Filter>client</Filter>
    </ClCompile>
    <ClCompile Include="..\..\client\sync.c">
      <Filter>client</Filter>
    </ClCompile>
    <ClCompile Include="..\system.c">
      <Filter>win</Filter>
    </ClCompile>
    <ClCompile Include="..\..\client\transport.c">
      <Filter>client</Filter>
    </ClCompile>
    <ClCompile Include="..\..\client\wallet.c">
      <Filter>client</Filter>
    </ClCompile>
  </ItemGroup>
  <ItemGroup>
    <ClInclude Include="xdagwallet.h" />
    <ClInclude Include="xdagwalletDlg.h" />
    <ClInclude Include="resource.h" />
    <ClInclude Include="stdafx.h" />
    <ClInclude Include="targetver.h" />
    <ClInclude Include="..\..\ldus\source\include\ldus\atomic.h">
      <Filter>ldus</Filter>
    </ClInclude>
    <ClInclude Include="..\..\client\address.h">
      <Filter>client</Filter>
    </ClInclude>
    <ClInclude Include="..\..\client\block.h">
      <Filter>client</Filter>
    </ClInclude>
    <ClInclude Include="..\..\client\crypt.h">
      <Filter>client</Filter>
    </ClInclude>
    <ClInclude Include="..\..\dnet\dnet_crypt.h">
      <Filter>dnet</Filter>
    </ClInclude>
    <ClInclude Include="..\..\dnet\dnet_database.h">
      <Filter>dnet</Filter>
    </ClInclude>
    <ClInclude Include="..\..\dnet\dnet_files.h">
      <Filter>dnet</Filter>
    </ClInclude>
    <ClInclude Include="..\..\dnet\dnet_history.h">
      <Filter>dnet</Filter>
    </ClInclude>
    <ClInclude Include="..\..\dnet\dnet_log.h">
      <Filter>dnet</Filter>
    </ClInclude>
    <ClInclude Include="..\..\dnet\dnet_main.h">
      <Filter>dnet</Filter>
    </ClInclude>
    <ClInclude Include="..\..\dnet\dnet_packet.h">
      <Filter>dnet</Filter>
    </ClInclude>
    <ClInclude Include="..\..\dnet\dnet_stream.h">
      <Filter>dnet</Filter>
    </ClInclude>
    <ClInclude Include="..\..\dnet\dnet_tap.h">
      <Filter>dnet</Filter>
    </ClInclude>
    <ClInclude Include="..\..\dnet\dnet_threads.h">
      <Filter>dnet</Filter>
    </ClInclude>
    <ClInclude Include="..\..\dnet\dthread.h">
      <Filter>dnet</Filter>
    </ClInclude>
    <ClInclude Include="..\..\dnet\system.h">
      <Filter>dnet</Filter>
    </ClInclude>
    <ClInclude Include="..\..\ldus\source\include\ldus\list.h">
      <Filter>ldus</Filter>
    </ClInclude>
    <ClInclude Include="..\..\ldus\source\include\ldus\rbtree.h">
      <Filter>ldus</Filter>
    </ClInclude>
    <ClInclude Include="..\..\dus\programs\dar\source\include\crc.h">
      <Filter>dus\dar</Filter>
    </ClInclude>
    <ClInclude Include="..\..\dus\programs\dfstools\source\dfslib\dfslib_crypt.h">
      <Filter>dus\dfstools</Filter>
    </ClInclude>
    <ClInclude Include="..\..\dus\programs\dfstools\source\dfslib\dfslib_random.h">
      <Filter>dus\dfstools</Filter>
    </ClInclude>
    <ClInclude Include="..\..\dus\programs\dfstools\source\dfslib\dfslib_string.h">
      <Filter>dus\dfstools</Filter>
    </ClInclude>
    <ClInclude Include="..\..\dus\programs\dfstools\source\dfslib\dfslib_types.h">
      <Filter>dus\dfstools</Filter>
    </ClInclude>
    <ClInclude Include="..\..\dus\programs\dfstools\source\include\dfsrsa.h">
      <Filter>dus\dfstools</Filter>
    </ClInclude>
    <ClInclude Include="..\..\dnet\dnet_command.h">
      <Filter>dnet</Filter>
    </ClInclude>
    <ClInclude Include="..\..\dnet\dnet_connection.h">
      <Filter>dnet</Filter>
    </ClInclude>
    <ClInclude Include="..\..\client\hash.h">
      <Filter>client</Filter>
    </ClInclude>
    <ClInclude Include="..\..\client\log.h">
      <Filter>client</Filter>
    </ClInclude>
    <ClInclude Include="..\..\client\main.h">
      <Filter>client</Filter>
    </ClInclude>
    <ClInclude Include="..\..\client\memory.h">
      <Filter>client</Filter>
    </ClInclude>
    <ClInclude Include="..\..\client\netdb.h">
      <Filter>client</Filter>
    </ClInclude>
    <ClInclude Include="..\..\client\pool.h">
      <Filter>client</Filter>
    </ClInclude>
    <ClInclude Include="..\..\client\state.h">
      <Filter>client</Filter>
    </ClInclude>
    <ClInclude Include="..\..\client\sha256.h">
      <Filter>client</Filter>
    </ClInclude>
    <ClInclude Include="..\..\client\storage.h">
      <Filter>client</Filter>
    </ClInclude>
    <ClInclude Include="..\..\client\sync.h">
      <Filter>client</Filter>
    </ClInclude>
    <ClInclude Include="..\..\client\system.h">
      <Filter>client</Filter>
    </ClInclude>
    <ClInclude Include="..\..\client\transport.h">
      <Filter>client</Filter>
    </ClInclude>
    <ClInclude Include="..\..\client\version.h">
      <Filter>client</Filter>
    </ClInclude>
    <ClInclude Include="..\..\client\wallet.h">
      <Filter>client</Filter>
    </ClInclude>
    <ClInclude Include="..\netdb.h">
      <Filter>win</Filter>
    </ClInclude>
    <ClInclude Include="..\termios.h">
      <Filter>win</Filter>
    </ClInclude>
    <ClInclude Include="..\unistd.h">
      <Filter>win</Filter>
    </ClInclude>
    <ClInclude Include="..\arpa\inet.h">
      <Filter>win\arpa</Filter>
    </ClInclude>
    <ClInclude Include="..\netinet\in.h">
      <Filter>win\netinet</Filter>
    </ClInclude>
    <ClInclude Include="..\sys\ioctl.h">
      <Filter>win\sys</Filter>
    </ClInclude>
    <ClInclude Include="..\sys\resource.h">
      <Filter>win\sys</Filter>
    </ClInclude>
    <ClInclude Include="..\sys\socket.h">
      <Filter>win\sys</Filter>
    </ClInclude>
    <ClInclude Include="..\sys\time.h">
      <Filter>win\sys</Filter>
    </ClInclude>
  </ItemGroup>
  <ItemGroup>
    <ResourceCompile Include="xdagwallet.rc" />
  </ItemGroup>
  <ItemGroup>
    <Image Include="res\xdagwallet.ico" />
    <Image Include="res\Toolbar.bmp" />
    <Image Include="res\Toolbar256.bmp" />
  </ItemGroup>
  <ItemGroup>
    <None Include="res\xdagwallet.rc2" />
    <None Include="..\..\client\sha256-mb-x86_64.s">
      <Filter>client</Filter>
    </None>
    <None Include="..\..\client\x86_64cpuid.s">
      <Filter>client</Filter>
    </None>
  </ItemGroup>
  <ItemGroup>
    <Filter Include="client">
      <UniqueIdentifier>{8d12fb98-371c-4b75-a7ce-52aec171aaa9}</UniqueIdentifier>
    </Filter>
    <Filter Include="dnet">
      <UniqueIdentifier>{e602b2b6-6865-42ce-81cb-8ccde8adc656}</UniqueIdentifier>
    </Filter>
    <Filter Include="ldus">
      <UniqueIdentifier>{8ee18064-7b50-43d3-ad76-b18e2d2e4f77}</UniqueIdentifier>
    </Filter>
    <Filter Include="dus">
      <UniqueIdentifier>{cc31c691-ab16-4965-8b54-5e433c8cb32f}</UniqueIdentifier>
    </Filter>
    <Filter Include="dus\dar">
      <UniqueIdentifier>{ddbb4ddd-681c-47dc-a220-2cd1c3c1a285}</UniqueIdentifier>
    </Filter>
    <Filter Include="dus\dfstools">
      <UniqueIdentifier>{6fa6076f-eda4-4bff-83f1-1a21edb074c6}</UniqueIdentifier>
    </Filter>
    <Filter Include="win">
      <UniqueIdentifier>{df15789c-da21-44a5-91ad-0b79c6f910da}</UniqueIdentifier>
    </Filter>
    <Filter Include="win\arpa">
      <UniqueIdentifier>{637ca6c2-6a37-4744-940b-0b53ea641140}</UniqueIdentifier>
    </Filter>
    <Filter Include="win\netinet">
      <UniqueIdentifier>{cd7e829b-ee29-4e7f-bb0f-6b7c1f3efa17}</UniqueIdentifier>
    </Filter>
    <Filter Include="win\sys">
      <UniqueIdentifier>{c9eefc95-a949-4539-b8e6-ff3620e411b6}</UniqueIdentifier>
    </Filter>
  </ItemGroup>
</Project>