<?xml version="1.0" encoding="utf-8"?>
<Project ToolsVersion="4.0" xmlns="http://schemas.microsoft.com/developer/msbuild/2003">
  <ItemGroup>
    <Filter Include="include">
      <UniqueIdentifier>{5ffac865-4167-49de-a9d2-c149311bf8d9}</UniqueIdentifier>
    </Filter>
    <Filter Include="src">
      <UniqueIdentifier>{0b231848-9dad-41e0-9857-44670655e86c}</UniqueIdentifier>
    </Filter>
  </ItemGroup>
  <ItemGroup>
    <ClInclude Include="..\..\..\secp256k1\include\secp256k1.h">
      <Filter>include</Filter>
    </ClInclude>
    <ClInclude Include="..\..\..\secp256k1\include\secp256k1_ecdh.h">
      <Filter>include</Filter>
    </ClInclude>
    <ClInclude Include="..\..\..\secp256k1\include\secp256k1_recovery.h">
      <Filter>include</Filter>
    </ClInclude>
    <ClInclude Include="..\..\..\secp256k1\src\basic-config.h">
      <Filter>src</Filter>
    </ClInclude>
    <ClInclude Include="..\..\..\secp256k1\src\bench.h">
      <Filter>src</Filter>
    </ClInclude>
    <ClInclude Include="..\..\..\secp256k1\src\ecdsa.h">
      <Filter>src</Filter>
    </ClInclude>
    <ClInclude Include="..\..\..\secp256k1\src\ecdsa_impl.h">
      <Filter>src</Filter>
    </ClInclude>
    <ClInclude Include="..\..\..\secp256k1\src\eckey.h">
      <Filter>src</Filter>
    </ClInclude>
    <ClInclude Include="..\..\..\secp256k1\src\eckey_impl.h">
      <Filter>src</Filter>
    </ClInclude>
    <ClInclude Include="..\..\..\secp256k1\src\ecmult.h">
      <Filter>src</Filter>
    </ClInclude>
    <ClInclude Include="..\..\..\secp256k1\src\ecmult_const.h">
      <Filter>src</Filter>
    </ClInclude>
    <ClInclude Include="..\..\..\secp256k1\src\ecmult_const_impl.h">
      <Filter>src</Filter>
    </ClInclude>
    <ClInclude Include="..\..\..\secp256k1\src\ecmult_gen.h">
      <Filter>src</Filter>
    </ClInclude>
    <ClInclude Include="..\..\..\secp256k1\src\ecmult_gen_impl.h">
      <Filter>src</Filter>
    </ClInclude>
    <ClInclude Include="..\..\..\secp256k1\src\ecmult_impl.h">
      <Filter>src</Filter>
    </ClInclude>
    <ClInclude Include="..\..\..\secp256k1\src\field.h">
      <Filter>src</Filter>
    </ClInclude>
    <ClInclude Include="..\..\..\secp256k1\src\field_5x52.h">
      <Filter>src</Filter>
    </ClInclude>
    <ClInclude Include="..\..\..\secp256k1\src\field_5x52_asm_impl.h">
      <Filter>src</Filter>
    </ClInclude>
    <ClInclude Include="..\..\..\secp256k1\src\field_5x52_impl.h">
      <Filter>src</Filter>
    </ClInclude>
    <ClInclude Include="..\..\..\secp256k1\src\field_5x52_int128_impl.h">
      <Filter>src</Filter>
    </ClInclude>
    <ClInclude Include="..\..\..\secp256k1\src\field_10x26.h">
      <Filter>src</Filter>
    </ClInclude>
    <ClInclude Include="..\..\..\secp256k1\src\field_10x26_impl.h">
      <Filter>src</Filter>
    </ClInclude>
    <ClInclude Include="..\..\..\secp256k1\src\field_impl.h">
      <Filter>src</Filter>
    </ClInclude>
    <ClInclude Include="..\..\..\secp256k1\src\group.h">
      <Filter>src</Filter>
    </ClInclude>
    <ClInclude Include="..\..\..\secp256k1\src\group_impl.h">
      <Filter>src</Filter>
    </ClInclude>
    <ClInclude Include="..\..\..\secp256k1\src\hash.h">
      <Filter>src</Filter>
    </ClInclude>
    <ClInclude Include="..\..\..\secp256k1\src\hash_impl.h">
      <Filter>src</Filter>
    </ClInclude>
    <ClInclude Include="..\..\..\secp256k1\src\libsecp256k1-config.h">
      <Filter>src</Filter>
    </ClInclude>
    <ClInclude Include="..\..\..\secp256k1\src\num.h">
      <Filter>src</Filter>
    </ClInclude>
    <ClInclude Include="..\..\..\secp256k1\src\num_gmp.h">
      <Filter>src</Filter>
    </ClInclude>
    <ClInclude Include="..\..\..\secp256k1\src\num_gmp_impl.h">
      <Filter>src</Filter>
    </ClInclude>
    <ClInclude Include="..\..\..\secp256k1\src\num_impl.h">
      <Filter>src</Filter>
    </ClInclude>
    <ClInclude Include="..\..\..\secp256k1\src\scalar.h">
      <Filter>src</Filter>
    </ClInclude>
    <ClInclude Include="..\..\..\secp256k1\src\scalar_4x64.h">
      <Filter>src</Filter>
    </ClInclude>
    <ClInclude Include="..\..\..\secp256k1\src\scalar_4x64_impl.h">
      <Filter>src</Filter>
    </ClInclude>
    <ClInclude Include="..\..\..\secp256k1\src\scalar_8x32.h">
      <Filter>src</Filter>
    </ClInclude>
    <ClInclude Include="..\..\..\secp256k1\src\scalar_8x32_impl.h">
      <Filter>src</Filter>
    </ClInclude>
    <ClInclude Include="..\..\..\secp256k1\src\scalar_impl.h">
      <Filter>src</Filter>
    </ClInclude>
    <ClInclude Include="..\..\..\secp256k1\src\scalar_low.h">
      <Filter>src</Filter>
    </ClInclude>
    <ClInclude Include="..\..\..\secp256k1\src\scalar_low_impl.h">
      <Filter>src</Filter>
    </ClInclude>
    <ClInclude Include="..\..\..\secp256k1\src\scratch.h">
      <Filter>src</Filter>
    </ClInclude>
    <ClInclude Include="..\..\..\secp256k1\src\scratch_impl.h">
      <Filter>src</Filter>
    </ClInclude>
    <ClInclude Include="..\..\..\secp256k1\src\util.h">
      <Filter>src</Filter>
    </ClInclude>
  </ItemGroup>
  <ItemGroup>
    <ClCompile Include="..\..\..\secp256k1\src\bench_ecdh.c">
      <Filter>src</Filter>
    </ClCompile>
    <ClCompile Include="..\..\..\secp256k1\src\bench_ecmult.c">
      <Filter>src</Filter>
    </ClCompile>
    <ClCompile Include="..\..\..\secp256k1\src\bench_internal.c">
      <Filter>src</Filter>
    </ClCompile>
    <ClCompile Include="..\..\..\secp256k1\src\bench_recover.c">
      <Filter>src</Filter>
    </ClCompile>
    <ClCompile Include="..\..\..\secp256k1\src\bench_sign.c">
      <Filter>src</Filter>
    </ClCompile>
    <ClCompile Include="..\..\..\secp256k1\src\bench_verify.c">
      <Filter>src</Filter>
    </ClCompile>
    <ClCompile Include="..\..\..\secp256k1\src\gen_context.c">
      <Filter>src</Filter>
    </ClCompile>
    <ClCompile Include="..\..\..\secp256k1\src\secp256k1.c">
      <Filter>src</Filter>
    </ClCompile>
  </ItemGroup>
</Project>